
Microsoft Visual Studio Solution File, Format Version 11.00
# Visual Studio 2010
Project("{8BC9CEB8-8B4A-11D0-8D11-00A0C91BC942}") = "MiniCraft", "MiniCraft.vcxproj", "{7193039C-4E9E-4BA8-B0CE-47AFD3C7C554}"
	ProjectSection(ProjectDependencies) = postProject
		{D2C8141A-2358-446C-B1D1-307649AAAF22} = {D2C8141A-2358-446C-B1D1-307649AAAF22}
	EndProjectSection
EndProject
Project("{8BC9CEB8-8B4A-11D0-8D11-00A0C91BC942}") = "SceneEdit", "..\Editor\SceneEdit\SceneEdit.vcxproj", "{F2B2D7A0-6DBB-4C53-9C3B-6B1A36EE807B}"
	ProjectSection(ProjectDependencies) = postProject
		{D2C8141A-2358-446C-B1D1-307649AAAF22} = {D2C8141A-2358-446C-B1D1-307649AAAF22}
	EndProjectSection
EndProject
Project("{8BC9CEB8-8B4A-11D0-8D11-00A0C91BC942}") = "Kratos", "..\Kratos\Kratos.vcxproj", "{D2C8141A-2358-446C-B1D1-307649AAAF22}"
	ProjectSection(ProjectDependencies) = postProject
		{7A18F419-4956-4B41-80A1-ACCCEB79B654} = {7A18F419-4956-4B41-80A1-ACCCEB79B654}
		{B3973624-A51E-4EB8-ACAF-7595A101A863} = {B3973624-A51E-4EB8-ACAF-7595A101A863}
		{A8206C2E-FB64-944D-9392-83742AFCF535} = {A8206C2E-FB64-944D-9392-83742AFCF535}
		{1C741C2F-3278-43D8-9FD2-E631A64B70AE} = {1C741C2F-3278-43D8-9FD2-E631A64B70AE}
		{F0617CC5-2D7E-4765-8412-F3AE01726DF9} = {F0617CC5-2D7E-4765-8412-F3AE01726DF9}
		{D12113E2-D6DD-364C-A421-AD834D645AEC} = {D12113E2-D6DD-364C-A421-AD834D645AEC}
	EndProjectSection
EndProject
Project("{8BC9CEB8-8B4A-11D0-8D11-00A0C91BC942}") = "OgreMain", "..\..\Ogre_1_8_0\build\OgreMain\OgreMain.vcxproj", "{7A18F419-4956-4B41-80A1-ACCCEB79B654}"
EndProject
Project("{8BC9CEB8-8B4A-11D0-8D11-00A0C91BC942}") = "OgreTerrain", "..\..\Ogre_1_8_0\build\Components\Terrain\OgreTerrain.vcxproj", "{F0617CC5-2D7E-4765-8412-F3AE01726DF9}"
EndProject
Project("{8BC9CEB8-8B4A-11D0-8D11-00A0C91BC942}") = "RenderSystem_Direct3D9", "..\..\Ogre_1_8_0\build\RenderSystems\Direct3D9\RenderSystem_Direct3D9.vcxproj", "{B3973624-A51E-4EB8-ACAF-7595A101A863}"
EndProject
Project("{8BC9CEB8-8B4A-11D0-8D11-00A0C91BC942}") = "ParticleUniverse", "..\..\Ogre_1_8_0\build\PlugIns\ParticleUniverse\scripts\ParticleUniverse_vc9.vcxproj", "{1C741C2F-3278-43D8-9FD2-E631A64B70AE}"
	ProjectSection(ProjectDependencies) = postProject
		{7A18F419-4956-4B41-80A1-ACCCEB79B654} = {7A18F419-4956-4B41-80A1-ACCCEB79B654}
	EndProjectSection
EndProject
Project("{8BC9CEB8-8B4A-11D0-8D11-00A0C91BC942}") = "Codejock.ToolkitPro.Shared", "..\..\Xtreme ToolkitPro v15.2.1\Workspace\ToolkitPro\ToolkitProShared_vc100.vcxproj", "{06739158-FFB0-66BD-4A6E-CD5E37D64486}"
EndProject
Project("{8BC9CEB8-8B4A-11D0-8D11-00A0C91BC942}") = "Plugin_OctreeSceneManager", "..\..\Ogre_1_8_0\build\PlugIns\OctreeSceneManager\Plugin_OctreeSceneManager.vcxproj", "{18B36B88-E7D2-466D-BDB7-72AD2B9F11DF}"
EndProject
Project("{8BC9CEB8-8B4A-11D0-8D11-00A0C91BC942}") = "CEGUIBase", "E:\CEGUI-0.7.9\projects\premake\BaseSystem\CEGUIBase.vcxproj", "{D12113E2-D6DD-364C-A421-AD834D645AEC}"
EndProject
Project("{8BC9CEB8-8B4A-11D0-8D11-00A0C91BC942}") = "CEGUIOgreRenderer", "E:\CEGUI-0.7.9\projects\premake\RendererModules\Ogre\CEGUIOgreRenderer.vcxproj", "{A8206C2E-FB64-944D-9392-83742AFCF535}"
EndProject
Global
	GlobalSection(SolutionConfigurationPlatforms) = preSolution
		Debug DLL|Win32 = Debug DLL|Win32
		Debug DLL|x64 = Debug DLL|x64
		Debug_Static|Win32 = Debug_Static|Win32
		Debug_Static|x64 = Debug_Static|x64
		Debug|Win32 = Debug|Win32
		Debug|x64 = Debug|x64
		Dev DLL|Win32 = Dev DLL|Win32
		Dev DLL|x64 = Dev DLL|x64
		Dev|Win32 = Dev|Win32
		Dev|x64 = Dev|x64
		Hybrid DLL|Win32 = Hybrid DLL|Win32
		Hybrid DLL|x64 = Hybrid DLL|x64
		MinSizeRel|Win32 = MinSizeRel|Win32
		MinSizeRel|x64 = MinSizeRel|x64
		Release DLL|Win32 = Release DLL|Win32
		Release DLL|x64 = Release DLL|x64
		Release_Static|Win32 = Release_Static|Win32
		Release_Static|x64 = Release_Static|x64
		Release|Win32 = Release|Win32
		Release|x64 = Release|x64
		ReleaseWithSymbols|Win32 = ReleaseWithSymbols|Win32
		ReleaseWithSymbols|x64 = ReleaseWithSymbols|x64
		RelWithDebInfo|Win32 = RelWithDebInfo|Win32
		RelWithDebInfo|x64 = RelWithDebInfo|x64
		Unicode Debug|Win32 = Unicode Debug|Win32
		Unicode Debug|x64 = Unicode Debug|x64
		Unicode Release|Win32 = Unicode Release|Win32
		Unicode Release|x64 = Unicode Release|x64
	EndGlobalSection
	GlobalSection(ProjectConfigurationPlatforms) = postSolution
		{7193039C-4E9E-4BA8-B0CE-47AFD3C7C554}.Debug DLL|Win32.ActiveCfg = Debug|Win32
		{7193039C-4E9E-4BA8-B0CE-47AFD3C7C554}.Debug DLL|Win32.Build.0 = Debug|Win32
		{7193039C-4E9E-4BA8-B0CE-47AFD3C7C554}.Debug DLL|x64.ActiveCfg = Debug|Win32
		{7193039C-4E9E-4BA8-B0CE-47AFD3C7C554}.Debug_Static|Win32.ActiveCfg = Debug|Win32
		{7193039C-4E9E-4BA8-B0CE-47AFD3C7C554}.Debug_Static|Win32.Build.0 = Debug|Win32
		{7193039C-4E9E-4BA8-B0CE-47AFD3C7C554}.Debug_Static|x64.ActiveCfg = Debug|Win32
		{7193039C-4E9E-4BA8-B0CE-47AFD3C7C554}.Debug|Win32.ActiveCfg = Debug|Win32
		{7193039C-4E9E-4BA8-B0CE-47AFD3C7C554}.Debug|Win32.Build.0 = Debug|Win32
		{7193039C-4E9E-4BA8-B0CE-47AFD3C7C554}.Debug|x64.ActiveCfg = Debug|Win32
		{7193039C-4E9E-4BA8-B0CE-47AFD3C7C554}.Dev DLL|Win32.ActiveCfg = Debug|Win32
		{7193039C-4E9E-4BA8-B0CE-47AFD3C7C554}.Dev DLL|Win32.Build.0 = Debug|Win32
		{7193039C-4E9E-4BA8-B0CE-47AFD3C7C554}.Dev DLL|x64.ActiveCfg = Debug|Win32
		{7193039C-4E9E-4BA8-B0CE-47AFD3C7C554}.Dev|Win32.ActiveCfg = Debug|Win32
		{7193039C-4E9E-4BA8-B0CE-47AFD3C7C554}.Dev|Win32.Build.0 = Debug|Win32
		{7193039C-4E9E-4BA8-B0CE-47AFD3C7C554}.Dev|x64.ActiveCfg = Debug|Win32
		{7193039C-4E9E-4BA8-B0CE-47AFD3C7C554}.Hybrid DLL|Win32.ActiveCfg = Release|Win32
		{7193039C-4E9E-4BA8-B0CE-47AFD3C7C554}.Hybrid DLL|Win32.Build.0 = Release|Win32
		{7193039C-4E9E-4BA8-B0CE-47AFD3C7C554}.Hybrid DLL|x64.ActiveCfg = Release|Win32
		{7193039C-4E9E-4BA8-B0CE-47AFD3C7C554}.MinSizeRel|Win32.ActiveCfg = Release|Win32
		{7193039C-4E9E-4BA8-B0CE-47AFD3C7C554}.MinSizeRel|Win32.Build.0 = Release|Win32
		{7193039C-4E9E-4BA8-B0CE-47AFD3C7C554}.MinSizeRel|x64.ActiveCfg = Release|Win32
		{7193039C-4E9E-4BA8-B0CE-47AFD3C7C554}.Release DLL|Win32.ActiveCfg = Release|Win32
		{7193039C-4E9E-4BA8-B0CE-47AFD3C7C554}.Release DLL|Win32.Build.0 = Release|Win32
		{7193039C-4E9E-4BA8-B0CE-47AFD3C7C554}.Release DLL|x64.ActiveCfg = Release|Win32
		{7193039C-4E9E-4BA8-B0CE-47AFD3C7C554}.Release_Static|Win32.ActiveCfg = Release|Win32
		{7193039C-4E9E-4BA8-B0CE-47AFD3C7C554}.Release_Static|Win32.Build.0 = Release|Win32
		{7193039C-4E9E-4BA8-B0CE-47AFD3C7C554}.Release_Static|x64.ActiveCfg = Release|Win32
		{7193039C-4E9E-4BA8-B0CE-47AFD3C7C554}.Release|Win32.ActiveCfg = Release|Win32
		{7193039C-4E9E-4BA8-B0CE-47AFD3C7C554}.Release|Win32.Build.0 = Release|Win32
		{7193039C-4E9E-4BA8-B0CE-47AFD3C7C554}.Release|x64.ActiveCfg = Release|Win32
		{7193039C-4E9E-4BA8-B0CE-47AFD3C7C554}.ReleaseWithSymbols|Win32.ActiveCfg = Release|Win32
		{7193039C-4E9E-4BA8-B0CE-47AFD3C7C554}.ReleaseWithSymbols|Win32.Build.0 = Release|Win32
		{7193039C-4E9E-4BA8-B0CE-47AFD3C7C554}.ReleaseWithSymbols|x64.ActiveCfg = Release|Win32
		{7193039C-4E9E-4BA8-B0CE-47AFD3C7C554}.RelWithDebInfo|Win32.ActiveCfg = Release|Win32
		{7193039C-4E9E-4BA8-B0CE-47AFD3C7C554}.RelWithDebInfo|Win32.Build.0 = Release|Win32
		{7193039C-4E9E-4BA8-B0CE-47AFD3C7C554}.RelWithDebInfo|x64.ActiveCfg = Release|Win32
		{7193039C-4E9E-4BA8-B0CE-47AFD3C7C554}.Unicode Debug|Win32.ActiveCfg = Debug|Win32
		{7193039C-4E9E-4BA8-B0CE-47AFD3C7C554}.Unicode Debug|Win32.Build.0 = Debug|Win32
		{7193039C-4E9E-4BA8-B0CE-47AFD3C7C554}.Unicode Debug|x64.ActiveCfg = Debug|Win32
		{7193039C-4E9E-4BA8-B0CE-47AFD3C7C554}.Unicode Release|Win32.ActiveCfg = Release|Win32
		{7193039C-4E9E-4BA8-B0CE-47AFD3C7C554}.Unicode Release|Win32.Build.0 = Release|Win32
		{7193039C-4E9E-4BA8-B0CE-47AFD3C7C554}.Unicode Release|x64.ActiveCfg = Release|Win32
		{F2B2D7A0-6DBB-4C53-9C3B-6B1A36EE807B}.Debug DLL|Win32.ActiveCfg = Debug|Win32
		{F2B2D7A0-6DBB-4C53-9C3B-6B1A36EE807B}.Debug DLL|Win32.Build.0 = Debug|Win32
		{F2B2D7A0-6DBB-4C53-9C3B-6B1A36EE807B}.Debug DLL|x64.ActiveCfg = Debug|Win32
		{F2B2D7A0-6DBB-4C53-9C3B-6B1A36EE807B}.Debug_Static|Win32.ActiveCfg = Debug|Win32
		{F2B2D7A0-6DBB-4C53-9C3B-6B1A36EE807B}.Debug_Static|Win32.Build.0 = Debug|Win32
		{F2B2D7A0-6DBB-4C53-9C3B-6B1A36EE807B}.Debug_Static|x64.ActiveCfg = Debug|Win32
		{F2B2D7A0-6DBB-4C53-9C3B-6B1A36EE807B}.Debug|Win32.ActiveCfg = Debug|Win32
		{F2B2D7A0-6DBB-4C53-9C3B-6B1A36EE807B}.Debug|Win32.Build.0 = Debug|Win32
		{F2B2D7A0-6DBB-4C53-9C3B-6B1A36EE807B}.Debug|x64.ActiveCfg = Debug|Win32
		{F2B2D7A0-6DBB-4C53-9C3B-6B1A36EE807B}.Dev DLL|Win32.ActiveCfg = Debug|Win32
		{F2B2D7A0-6DBB-4C53-9C3B-6B1A36EE807B}.Dev DLL|Win32.Build.0 = Debug|Win32
		{F2B2D7A0-6DBB-4C53-9C3B-6B1A36EE807B}.Dev DLL|x64.ActiveCfg = Debug|Win32
		{F2B2D7A0-6DBB-4C53-9C3B-6B1A36EE807B}.Dev|Win32.ActiveCfg = Debug|Win32
		{F2B2D7A0-6DBB-4C53-9C3B-6B1A36EE807B}.Dev|Win32.Build.0 = Debug|Win32
		{F2B2D7A0-6DBB-4C53-9C3B-6B1A36EE807B}.Dev|x64.ActiveCfg = Debug|Win32
		{F2B2D7A0-6DBB-4C53-9C3B-6B1A36EE807B}.Hybrid DLL|Win32.ActiveCfg = Release|Win32
		{F2B2D7A0-6DBB-4C53-9C3B-6B1A36EE807B}.Hybrid DLL|Win32.Build.0 = Release|Win32
		{F2B2D7A0-6DBB-4C53-9C3B-6B1A36EE807B}.Hybrid DLL|x64.ActiveCfg = Release|Win32
		{F2B2D7A0-6DBB-4C53-9C3B-6B1A36EE807B}.MinSizeRel|Win32.ActiveCfg = Release|Win32
		{F2B2D7A0-6DBB-4C53-9C3B-6B1A36EE807B}.MinSizeRel|Win32.Build.0 = Release|Win32
		{F2B2D7A0-6DBB-4C53-9C3B-6B1A36EE807B}.MinSizeRel|x64.ActiveCfg = Release|Win32
		{F2B2D7A0-6DBB-4C53-9C3B-6B1A36EE807B}.Release DLL|Win32.ActiveCfg = Release|Win32
		{F2B2D7A0-6DBB-4C53-9C3B-6B1A36EE807B}.Release DLL|Win32.Build.0 = Release|Win32
		{F2B2D7A0-6DBB-4C53-9C3B-6B1A36EE807B}.Release DLL|x64.ActiveCfg = Release|Win32
		{F2B2D7A0-6DBB-4C53-9C3B-6B1A36EE807B}.Release_Static|Win32.ActiveCfg = Release|Win32
		{F2B2D7A0-6DBB-4C53-9C3B-6B1A36EE807B}.Release_Static|Win32.Build.0 = Release|Win32
		{F2B2D7A0-6DBB-4C53-9C3B-6B1A36EE807B}.Release_Static|x64.ActiveCfg = Release|Win32
		{F2B2D7A0-6DBB-4C53-9C3B-6B1A36EE807B}.Release|Win32.ActiveCfg = Release|Win32
		{F2B2D7A0-6DBB-4C53-9C3B-6B1A36EE807B}.Release|Win32.Build.0 = Release|Win32
		{F2B2D7A0-6DBB-4C53-9C3B-6B1A36EE807B}.Release|x64.ActiveCfg = Release|Win32
		{F2B2D7A0-6DBB-4C53-9C3B-6B1A36EE807B}.ReleaseWithSymbols|Win32.ActiveCfg = Release|Win32
		{F2B2D7A0-6DBB-4C53-9C3B-6B1A36EE807B}.ReleaseWithSymbols|Win32.Build.0 = Release|Win32
		{F2B2D7A0-6DBB-4C53-9C3B-6B1A36EE807B}.ReleaseWithSymbols|x64.ActiveCfg = Release|Win32
		{F2B2D7A0-6DBB-4C53-9C3B-6B1A36EE807B}.RelWithDebInfo|Win32.ActiveCfg = Release|Win32
		{F2B2D7A0-6DBB-4C53-9C3B-6B1A36EE807B}.RelWithDebInfo|Win32.Build.0 = Release|Win32
		{F2B2D7A0-6DBB-4C53-9C3B-6B1A36EE807B}.RelWithDebInfo|x64.ActiveCfg = Release|Win32
		{F2B2D7A0-6DBB-4C53-9C3B-6B1A36EE807B}.Unicode Debug|Win32.ActiveCfg = Debug|Win32
		{F2B2D7A0-6DBB-4C53-9C3B-6B1A36EE807B}.Unicode Debug|Win32.Build.0 = Debug|Win32
		{F2B2D7A0-6DBB-4C53-9C3B-6B1A36EE807B}.Unicode Debug|x64.ActiveCfg = Debug|Win32
		{F2B2D7A0-6DBB-4C53-9C3B-6B1A36EE807B}.Unicode Release|Win32.ActiveCfg = Release|Win32
		{F2B2D7A0-6DBB-4C53-9C3B-6B1A36EE807B}.Unicode Release|Win32.Build.0 = Release|Win32
		{F2B2D7A0-6DBB-4C53-9C3B-6B1A36EE807B}.Unicode Release|x64.ActiveCfg = Release|Win32
		{D2C8141A-2358-446C-B1D1-307649AAAF22}.Debug DLL|Win32.ActiveCfg = Debug|Win32
		{D2C8141A-2358-446C-B1D1-307649AAAF22}.Debug DLL|Win32.Build.0 = Debug|Win32
		{D2C8141A-2358-446C-B1D1-307649AAAF22}.Debug DLL|x64.ActiveCfg = Debug|Win32
		{D2C8141A-2358-446C-B1D1-307649AAAF22}.Debug_Static|Win32.ActiveCfg = Debug|Win32
		{D2C8141A-2358-446C-B1D1-307649AAAF22}.Debug_Static|Win32.Build.0 = Debug|Win32
		{D2C8141A-2358-446C-B1D1-307649AAAF22}.Debug_Static|x64.ActiveCfg = Debug|Win32
		{D2C8141A-2358-446C-B1D1-307649AAAF22}.Debug|Win32.ActiveCfg = Debug|Win32
		{D2C8141A-2358-446C-B1D1-307649AAAF22}.Debug|Win32.Build.0 = Debug|Win32
		{D2C8141A-2358-446C-B1D1-307649AAAF22}.Debug|x64.ActiveCfg = Debug|Win32
		{D2C8141A-2358-446C-B1D1-307649AAAF22}.Dev DLL|Win32.ActiveCfg = Debug|Win32
		{D2C8141A-2358-446C-B1D1-307649AAAF22}.Dev DLL|Win32.Build.0 = Debug|Win32
		{D2C8141A-2358-446C-B1D1-307649AAAF22}.Dev DLL|x64.ActiveCfg = Debug|Win32
		{D2C8141A-2358-446C-B1D1-307649AAAF22}.Dev|Win32.ActiveCfg = Debug|Win32
		{D2C8141A-2358-446C-B1D1-307649AAAF22}.Dev|Win32.Build.0 = Debug|Win32
		{D2C8141A-2358-446C-B1D1-307649AAAF22}.Dev|x64.ActiveCfg = Debug|Win32
		{D2C8141A-2358-446C-B1D1-307649AAAF22}.Hybrid DLL|Win32.ActiveCfg = Release|Win32
		{D2C8141A-2358-446C-B1D1-307649AAAF22}.Hybrid DLL|Win32.Build.0 = Release|Win32
		{D2C8141A-2358-446C-B1D1-307649AAAF22}.Hybrid DLL|x64.ActiveCfg = Release|Win32
		{D2C8141A-2358-446C-B1D1-307649AAAF22}.MinSizeRel|Win32.ActiveCfg = Release|Win32
		{D2C8141A-2358-446C-B1D1-307649AAAF22}.MinSizeRel|Win32.Build.0 = Release|Win32
		{D2C8141A-2358-446C-B1D1-307649AAAF22}.MinSizeRel|x64.ActiveCfg = Release|Win32
		{D2C8141A-2358-446C-B1D1-307649AAAF22}.Release DLL|Win32.ActiveCfg = Release|Win32
		{D2C8141A-2358-446C-B1D1-307649AAAF22}.Release DLL|Win32.Build.0 = Release|Win32
		{D2C8141A-2358-446C-B1D1-307649AAAF22}.Release DLL|x64.ActiveCfg = Release|Win32
		{D2C8141A-2358-446C-B1D1-307649AAAF22}.Release_Static|Win32.ActiveCfg = Release|Win32
		{D2C8141A-2358-446C-B1D1-307649AAAF22}.Release_Static|Win32.Build.0 = Release|Win32
		{D2C8141A-2358-446C-B1D1-307649AAAF22}.Release_Static|x64.ActiveCfg = Release|Win32
		{D2C8141A-2358-446C-B1D1-307649AAAF22}.Release|Win32.ActiveCfg = Release|Win32
		{D2C8141A-2358-446C-B1D1-307649AAAF22}.Release|Win32.Build.0 = Release|Win32
		{D2C8141A-2358-446C-B1D1-307649AAAF22}.Release|x64.ActiveCfg = Release|Win32
		{D2C8141A-2358-446C-B1D1-307649AAAF22}.ReleaseWithSymbols|Win32.ActiveCfg = Release|Win32
		{D2C8141A-2358-446C-B1D1-307649AAAF22}.ReleaseWithSymbols|Win32.Build.0 = Release|Win32
		{D2C8141A-2358-446C-B1D1-307649AAAF22}.ReleaseWithSymbols|x64.ActiveCfg = Release|Win32
		{D2C8141A-2358-446C-B1D1-307649AAAF22}.RelWithDebInfo|Win32.ActiveCfg = Release|Win32
		{D2C8141A-2358-446C-B1D1-307649AAAF22}.RelWithDebInfo|Win32.Build.0 = Release|Win32
		{D2C8141A-2358-446C-B1D1-307649AAAF22}.RelWithDebInfo|x64.ActiveCfg = Release|Win32
		{D2C8141A-2358-446C-B1D1-307649AAAF22}.Unicode Debug|Win32.ActiveCfg = Debug|Win32
		{D2C8141A-2358-446C-B1D1-307649AAAF22}.Unicode Debug|Win32.Build.0 = Debug|Win32
		{D2C8141A-2358-446C-B1D1-307649AAAF22}.Unicode Debug|x64.ActiveCfg = Debug|Win32
		{D2C8141A-2358-446C-B1D1-307649AAAF22}.Unicode Release|Win32.ActiveCfg = Release|Win32
		{D2C8141A-2358-446C-B1D1-307649AAAF22}.Unicode Release|Win32.Build.0 = Release|Win32
		{D2C8141A-2358-446C-B1D1-307649AAAF22}.Unicode Release|x64.ActiveCfg = Release|Win32
		{7A18F419-4956-4B41-80A1-ACCCEB79B654}.Debug DLL|Win32.ActiveCfg = Debug|Win32
		{7A18F419-4956-4B41-80A1-ACCCEB79B654}.Debug DLL|Win32.Build.0 = Debug|Win32
		{7A18F419-4956-4B41-80A1-ACCCEB79B654}.Debug DLL|x64.ActiveCfg = Debug|Win32
		{7A18F419-4956-4B41-80A1-ACCCEB79B654}.Debug_Static|Win32.ActiveCfg = Debug|Win32
		{7A18F419-4956-4B41-80A1-ACCCEB79B654}.Debug_Static|Win32.Build.0 = Debug|Win32
		{7A18F419-4956-4B41-80A1-ACCCEB79B654}.Debug_Static|x64.ActiveCfg = Debug|Win32
		{7A18F419-4956-4B41-80A1-ACCCEB79B654}.Debug|Win32.ActiveCfg = Debug|Win32
		{7A18F419-4956-4B41-80A1-ACCCEB79B654}.Debug|Win32.Build.0 = Debug|Win32
		{7A18F419-4956-4B41-80A1-ACCCEB79B654}.Debug|x64.ActiveCfg = Debug|Win32
		{7A18F419-4956-4B41-80A1-ACCCEB79B654}.Dev DLL|Win32.ActiveCfg = Debug|Win32
		{7A18F419-4956-4B41-80A1-ACCCEB79B654}.Dev DLL|Win32.Build.0 = Debug|Win32
		{7A18F419-4956-4B41-80A1-ACCCEB79B654}.Dev DLL|x64.ActiveCfg = Debug|Win32
		{7A18F419-4956-4B41-80A1-ACCCEB79B654}.Dev|Win32.ActiveCfg = Debug|Win32
		{7A18F419-4956-4B41-80A1-ACCCEB79B654}.Dev|Win32.Build.0 = Debug|Win32
		{7A18F419-4956-4B41-80A1-ACCCEB79B654}.Dev|x64.ActiveCfg = Debug|Win32
		{7A18F419-4956-4B41-80A1-ACCCEB79B654}.Hybrid DLL|Win32.ActiveCfg = RelWithDebInfo|Win32
		{7A18F419-4956-4B41-80A1-ACCCEB79B654}.Hybrid DLL|Win32.Build.0 = RelWithDebInfo|Win32
		{7A18F419-4956-4B41-80A1-ACCCEB79B654}.Hybrid DLL|x64.ActiveCfg = RelWithDebInfo|Win32
		{7A18F419-4956-4B41-80A1-ACCCEB79B654}.MinSizeRel|Win32.ActiveCfg = MinSizeRel|Win32
		{7A18F419-4956-4B41-80A1-ACCCEB79B654}.MinSizeRel|Win32.Build.0 = MinSizeRel|Win32
		{7A18F419-4956-4B41-80A1-ACCCEB79B654}.MinSizeRel|x64.ActiveCfg = MinSizeRel|Win32
		{7A18F419-4956-4B41-80A1-ACCCEB79B654}.Release DLL|Win32.ActiveCfg = Release|Win32
		{7A18F419-4956-4B41-80A1-ACCCEB79B654}.Release DLL|Win32.Build.0 = Release|Win32
		{7A18F419-4956-4B41-80A1-ACCCEB79B654}.Release DLL|x64.ActiveCfg = Release|Win32
		{7A18F419-4956-4B41-80A1-ACCCEB79B654}.Release_Static|Win32.ActiveCfg = Release|Win32
		{7A18F419-4956-4B41-80A1-ACCCEB79B654}.Release_Static|Win32.Build.0 = Release|Win32
		{7A18F419-4956-4B41-80A1-ACCCEB79B654}.Release_Static|x64.ActiveCfg = Release|Win32
		{7A18F419-4956-4B41-80A1-ACCCEB79B654}.Release|Win32.ActiveCfg = Release|Win32
		{7A18F419-4956-4B41-80A1-ACCCEB79B654}.Release|Win32.Build.0 = Release|Win32
		{7A18F419-4956-4B41-80A1-ACCCEB79B654}.Release|x64.ActiveCfg = Release|Win32
		{7A18F419-4956-4B41-80A1-ACCCEB79B654}.ReleaseWithSymbols|Win32.ActiveCfg = Release|Win32
		{7A18F419-4956-4B41-80A1-ACCCEB79B654}.ReleaseWithSymbols|Win32.Build.0 = Release|Win32
		{7A18F419-4956-4B41-80A1-ACCCEB79B654}.ReleaseWithSymbols|x64.ActiveCfg = Release|Win32
		{7A18F419-4956-4B41-80A1-ACCCEB79B654}.RelWithDebInfo|Win32.ActiveCfg = RelWithDebInfo|Win32
		{7A18F419-4956-4B41-80A1-ACCCEB79B654}.RelWithDebInfo|Win32.Build.0 = RelWithDebInfo|Win32
		{7A18F419-4956-4B41-80A1-ACCCEB79B654}.RelWithDebInfo|x64.ActiveCfg = RelWithDebInfo|Win32
		{7A18F419-4956-4B41-80A1-ACCCEB79B654}.Unicode Debug|Win32.ActiveCfg = Debug|Win32
		{7A18F419-4956-4B41-80A1-ACCCEB79B654}.Unicode Debug|Win32.Build.0 = Debug|Win32
		{7A18F419-4956-4B41-80A1-ACCCEB79B654}.Unicode Debug|x64.ActiveCfg = Debug|Win32
		{7A18F419-4956-4B41-80A1-ACCCEB79B654}.Unicode Release|Win32.ActiveCfg = Release|Win32
		{7A18F419-4956-4B41-80A1-ACCCEB79B654}.Unicode Release|Win32.Build.0 = Release|Win32
		{7A18F419-4956-4B41-80A1-ACCCEB79B654}.Unicode Release|x64.ActiveCfg = Release|Win32
		{F0617CC5-2D7E-4765-8412-F3AE01726DF9}.Debug DLL|Win32.ActiveCfg = Debug|Win32
		{F0617CC5-2D7E-4765-8412-F3AE01726DF9}.Debug DLL|Win32.Build.0 = Debug|Win32
		{F0617CC5-2D7E-4765-8412-F3AE01726DF9}.Debug DLL|x64.ActiveCfg = Debug|Win32
		{F0617CC5-2D7E-4765-8412-F3AE01726DF9}.Debug_Static|Win32.ActiveCfg = Debug|Win32
		{F0617CC5-2D7E-4765-8412-F3AE01726DF9}.Debug_Static|Win32.Build.0 = Debug|Win32
		{F0617CC5-2D7E-4765-8412-F3AE01726DF9}.Debug_Static|x64.ActiveCfg = Debug|Win32
		{F0617CC5-2D7E-4765-8412-F3AE01726DF9}.Debug|Win32.ActiveCfg = Debug|Win32
		{F0617CC5-2D7E-4765-8412-F3AE01726DF9}.Debug|Win32.Build.0 = Debug|Win32
		{F0617CC5-2D7E-4765-8412-F3AE01726DF9}.Debug|x64.ActiveCfg = Debug|Win32
		{F0617CC5-2D7E-4765-8412-F3AE01726DF9}.Dev DLL|Win32.ActiveCfg = Debug|Win32
		{F0617CC5-2D7E-4765-8412-F3AE01726DF9}.Dev DLL|Win32.Build.0 = Debug|Win32
		{F0617CC5-2D7E-4765-8412-F3AE01726DF9}.Dev DLL|x64.ActiveCfg = Debug|Win32
		{F0617CC5-2D7E-4765-8412-F3AE01726DF9}.Dev|Win32.ActiveCfg = Debug|Win32
		{F0617CC5-2D7E-4765-8412-F3AE01726DF9}.Dev|Win32.Build.0 = Debug|Win32
		{F0617CC5-2D7E-4765-8412-F3AE01726DF9}.Dev|x64.ActiveCfg = Debug|Win32
		{F0617CC5-2D7E-4765-8412-F3AE01726DF9}.Hybrid DLL|Win32.ActiveCfg = RelWithDebInfo|Win32
		{F0617CC5-2D7E-4765-8412-F3AE01726DF9}.Hybrid DLL|Win32.Build.0 = RelWithDebInfo|Win32
		{F0617CC5-2D7E-4765-8412-F3AE01726DF9}.Hybrid DLL|x64.ActiveCfg = RelWithDebInfo|Win32
		{F0617CC5-2D7E-4765-8412-F3AE01726DF9}.MinSizeRel|Win32.ActiveCfg = MinSizeRel|Win32
		{F0617CC5-2D7E-4765-8412-F3AE01726DF9}.MinSizeRel|Win32.Build.0 = MinSizeRel|Win32
		{F0617CC5-2D7E-4765-8412-F3AE01726DF9}.MinSizeRel|x64.ActiveCfg = MinSizeRel|Win32
		{F0617CC5-2D7E-4765-8412-F3AE01726DF9}.Release DLL|Win32.ActiveCfg = Release|Win32
		{F0617CC5-2D7E-4765-8412-F3AE01726DF9}.Release DLL|Win32.Build.0 = Release|Win32
		{F0617CC5-2D7E-4765-8412-F3AE01726DF9}.Release DLL|x64.ActiveCfg = Release|Win32
		{F0617CC5-2D7E-4765-8412-F3AE01726DF9}.Release_Static|Win32.ActiveCfg = Release|Win32
		{F0617CC5-2D7E-4765-8412-F3AE01726DF9}.Release_Static|Win32.Build.0 = Release|Win32
		{F0617CC5-2D7E-4765-8412-F3AE01726DF9}.Release_Static|x64.ActiveCfg = Release|Win32
		{F0617CC5-2D7E-4765-8412-F3AE01726DF9}.Release|Win32.ActiveCfg = Release|Win32
		{F0617CC5-2D7E-4765-8412-F3AE01726DF9}.Release|Win32.Build.0 = Release|Win32
		{F0617CC5-2D7E-4765-8412-F3AE01726DF9}.Release|x64.ActiveCfg = Release|Win32
		{F0617CC5-2D7E-4765-8412-F3AE01726DF9}.ReleaseWithSymbols|Win32.ActiveCfg = Release|Win32
		{F0617CC5-2D7E-4765-8412-F3AE01726DF9}.ReleaseWithSymbols|Win32.Build.0 = Release|Win32
		{F0617CC5-2D7E-4765-8412-F3AE01726DF9}.ReleaseWithSymbols|x64.ActiveCfg = Release|Win32
		{F0617CC5-2D7E-4765-8412-F3AE01726DF9}.RelWithDebInfo|Win32.ActiveCfg = RelWithDebInfo|Win32
		{F0617CC5-2D7E-4765-8412-F3AE01726DF9}.RelWithDebInfo|Win32.Build.0 = RelWithDebInfo|Win32
		{F0617CC5-2D7E-4765-8412-F3AE01726DF9}.RelWithDebInfo|x64.ActiveCfg = RelWithDebInfo|Win32
		{F0617CC5-2D7E-4765-8412-F3AE01726DF9}.Unicode Debug|Win32.ActiveCfg = Debug|Win32
		{F0617CC5-2D7E-4765-8412-F3AE01726DF9}.Unicode Debug|Win32.Build.0 = Debug|Win32
		{F0617CC5-2D7E-4765-8412-F3AE01726DF9}.Unicode Debug|x64.ActiveCfg = Debug|Win32
		{F0617CC5-2D7E-4765-8412-F3AE01726DF9}.Unicode Release|Win32.ActiveCfg = Release|Win32
		{F0617CC5-2D7E-4765-8412-F3AE01726DF9}.Unicode Release|Win32.Build.0 = Release|Win32
		{F0617CC5-2D7E-4765-8412-F3AE01726DF9}.Unicode Release|x64.ActiveCfg = Release|Win32
		{B3973624-A51E-4EB8-ACAF-7595A101A863}.Debug DLL|Win32.ActiveCfg = Debug|Win32
		{B3973624-A51E-4EB8-ACAF-7595A101A863}.Debug DLL|Win32.Build.0 = Debug|Win32
		{B3973624-A51E-4EB8-ACAF-7595A101A863}.Debug DLL|x64.ActiveCfg = Debug|Win32
		{B3973624-A51E-4EB8-ACAF-7595A101A863}.Debug_Static|Win32.ActiveCfg = Debug|Win32
		{B3973624-A51E-4EB8-ACAF-7595A101A863}.Debug_Static|Win32.Build.0 = Debug|Win32
		{B3973624-A51E-4EB8-ACAF-7595A101A863}.Debug_Static|x64.ActiveCfg = Debug|Win32
		{B3973624-A51E-4EB8-ACAF-7595A101A863}.Debug|Win32.ActiveCfg = Debug|Win32
		{B3973624-A51E-4EB8-ACAF-7595A101A863}.Debug|Win32.Build.0 = Debug|Win32
		{B3973624-A51E-4EB8-ACAF-7595A101A863}.Debug|x64.ActiveCfg = Debug|Win32
		{B3973624-A51E-4EB8-ACAF-7595A101A863}.Dev DLL|Win32.ActiveCfg = Debug|Win32
		{B3973624-A51E-4EB8-ACAF-7595A101A863}.Dev DLL|Win32.Build.0 = Debug|Win32
		{B3973624-A51E-4EB8-ACAF-7595A101A863}.Dev DLL|x64.ActiveCfg = Debug|Win32
		{B3973624-A51E-4EB8-ACAF-7595A101A863}.Dev|Win32.ActiveCfg = Debug|Win32
		{B3973624-A51E-4EB8-ACAF-7595A101A863}.Dev|Win32.Build.0 = Debug|Win32
		{B3973624-A51E-4EB8-ACAF-7595A101A863}.Dev|x64.ActiveCfg = Debug|Win32
		{B3973624-A51E-4EB8-ACAF-7595A101A863}.Hybrid DLL|Win32.ActiveCfg = RelWithDebInfo|Win32
		{B3973624-A51E-4EB8-ACAF-7595A101A863}.Hybrid DLL|Win32.Build.0 = RelWithDebInfo|Win32
		{B3973624-A51E-4EB8-ACAF-7595A101A863}.Hybrid DLL|x64.ActiveCfg = RelWithDebInfo|Win32
		{B3973624-A51E-4EB8-ACAF-7595A101A863}.MinSizeRel|Win32.ActiveCfg = MinSizeRel|Win32
		{B3973624-A51E-4EB8-ACAF-7595A101A863}.MinSizeRel|Win32.Build.0 = MinSizeRel|Win32
		{B3973624-A51E-4EB8-ACAF-7595A101A863}.MinSizeRel|x64.ActiveCfg = MinSizeRel|Win32
		{B3973624-A51E-4EB8-ACAF-7595A101A863}.Release DLL|Win32.ActiveCfg = Release|Win32
		{B3973624-A51E-4EB8-ACAF-7595A101A863}.Release DLL|Win32.Build.0 = Release|Win32
		{B3973624-A51E-4EB8-ACAF-7595A101A863}.Release DLL|x64.ActiveCfg = Release|Win32
		{B3973624-A51E-4EB8-ACAF-7595A101A863}.Release_Static|Win32.ActiveCfg = Release|Win32
		{B3973624-A51E-4EB8-ACAF-7595A101A863}.Release_Static|Win32.Build.0 = Release|Win32
		{B3973624-A51E-4EB8-ACAF-7595A101A863}.Release_Static|x64.ActiveCfg = Release|Win32
		{B3973624-A51E-4EB8-ACAF-7595A101A863}.Release|Win32.ActiveCfg = Release|Win32
		{B3973624-A51E-4EB8-ACAF-7595A101A863}.Release|Win32.Build.0 = Release|Win32
		{B3973624-A51E-4EB8-ACAF-7595A101A863}.Release|x64.ActiveCfg = Release|Win32
		{B3973624-A51E-4EB8-ACAF-7595A101A863}.ReleaseWithSymbols|Win32.ActiveCfg = Release|Win32
		{B3973624-A51E-4EB8-ACAF-7595A101A863}.ReleaseWithSymbols|Win32.Build.0 = Release|Win32
		{B3973624-A51E-4EB8-ACAF-7595A101A863}.ReleaseWithSymbols|x64.ActiveCfg = Release|Win32
		{B3973624-A51E-4EB8-ACAF-7595A101A863}.RelWithDebInfo|Win32.ActiveCfg = RelWithDebInfo|Win32
		{B3973624-A51E-4EB8-ACAF-7595A101A863}.RelWithDebInfo|Win32.Build.0 = RelWithDebInfo|Win32
		{B3973624-A51E-4EB8-ACAF-7595A101A863}.RelWithDebInfo|x64.ActiveCfg = RelWithDebInfo|Win32
		{B3973624-A51E-4EB8-ACAF-7595A101A863}.Unicode Debug|Win32.ActiveCfg = Debug|Win32
		{B3973624-A51E-4EB8-ACAF-7595A101A863}.Unicode Debug|Win32.Build.0 = Debug|Win32
		{B3973624-A51E-4EB8-ACAF-7595A101A863}.Unicode Debug|x64.ActiveCfg = Debug|Win32
		{B3973624-A51E-4EB8-ACAF-7595A101A863}.Unicode Release|Win32.ActiveCfg = Release|Win32
		{B3973624-A51E-4EB8-ACAF-7595A101A863}.Unicode Release|Win32.Build.0 = Release|Win32
		{B3973624-A51E-4EB8-ACAF-7595A101A863}.Unicode Release|x64.ActiveCfg = Release|Win32
		{1C741C2F-3278-43D8-9FD2-E631A64B70AE}.Debug DLL|Win32.ActiveCfg = Debug|Win32
		{1C741C2F-3278-43D8-9FD2-E631A64B70AE}.Debug DLL|Win32.Build.0 = Debug|Win32
		{1C741C2F-3278-43D8-9FD2-E631A64B70AE}.Debug DLL|x64.ActiveCfg = Debug|Win32
		{1C741C2F-3278-43D8-9FD2-E631A64B70AE}.Debug_Static|Win32.ActiveCfg = Debug|Win32
		{1C741C2F-3278-43D8-9FD2-E631A64B70AE}.Debug_Static|Win32.Build.0 = Debug|Win32
		{1C741C2F-3278-43D8-9FD2-E631A64B70AE}.Debug_Static|x64.ActiveCfg = Debug|Win32
		{1C741C2F-3278-43D8-9FD2-E631A64B70AE}.Debug|Win32.ActiveCfg = Debug|Win32
		{1C741C2F-3278-43D8-9FD2-E631A64B70AE}.Debug|Win32.Build.0 = Debug|Win32
		{1C741C2F-3278-43D8-9FD2-E631A64B70AE}.Debug|x64.ActiveCfg = Debug|Win32
		{1C741C2F-3278-43D8-9FD2-E631A64B70AE}.Dev DLL|Win32.ActiveCfg = Debug|Win32
		{1C741C2F-3278-43D8-9FD2-E631A64B70AE}.Dev DLL|Win32.Build.0 = Debug|Win32
		{1C741C2F-3278-43D8-9FD2-E631A64B70AE}.Dev DLL|x64.ActiveCfg = Debug|Win32
		{1C741C2F-3278-43D8-9FD2-E631A64B70AE}.Dev|Win32.ActiveCfg = Debug|Win32
		{1C741C2F-3278-43D8-9FD2-E631A64B70AE}.Dev|Win32.Build.0 = Debug|Win32
		{1C741C2F-3278-43D8-9FD2-E631A64B70AE}.Dev|x64.ActiveCfg = Debug|Win32
		{1C741C2F-3278-43D8-9FD2-E631A64B70AE}.Hybrid DLL|Win32.ActiveCfg = Release|Win32
		{1C741C2F-3278-43D8-9FD2-E631A64B70AE}.Hybrid DLL|Win32.Build.0 = Release|Win32
		{1C741C2F-3278-43D8-9FD2-E631A64B70AE}.Hybrid DLL|x64.ActiveCfg = Release|Win32
		{1C741C2F-3278-43D8-9FD2-E631A64B70AE}.MinSizeRel|Win32.ActiveCfg = Release|Win32
		{1C741C2F-3278-43D8-9FD2-E631A64B70AE}.MinSizeRel|Win32.Build.0 = Release|Win32
		{1C741C2F-3278-43D8-9FD2-E631A64B70AE}.MinSizeRel|x64.ActiveCfg = Release|Win32
		{1C741C2F-3278-43D8-9FD2-E631A64B70AE}.Release DLL|Win32.ActiveCfg = Release|Win32
		{1C741C2F-3278-43D8-9FD2-E631A64B70AE}.Release DLL|Win32.Build.0 = Release|Win32
		{1C741C2F-3278-43D8-9FD2-E631A64B70AE}.Release DLL|x64.ActiveCfg = Release|Win32
		{1C741C2F-3278-43D8-9FD2-E631A64B70AE}.Release_Static|Win32.ActiveCfg = Release|Win32
		{1C741C2F-3278-43D8-9FD2-E631A64B70AE}.Release_Static|Win32.Build.0 = Release|Win32
		{1C741C2F-3278-43D8-9FD2-E631A64B70AE}.Release_Static|x64.ActiveCfg = Release|Win32
		{1C741C2F-3278-43D8-9FD2-E631A64B70AE}.Release|Win32.ActiveCfg = Release|Win32
		{1C741C2F-3278-43D8-9FD2-E631A64B70AE}.Release|Win32.Build.0 = Release|Win32
		{1C741C2F-3278-43D8-9FD2-E631A64B70AE}.Release|x64.ActiveCfg = Release|Win32
		{1C741C2F-3278-43D8-9FD2-E631A64B70AE}.ReleaseWithSymbols|Win32.ActiveCfg = Release|Win32
		{1C741C2F-3278-43D8-9FD2-E631A64B70AE}.ReleaseWithSymbols|Win32.Build.0 = Release|Win32
		{1C741C2F-3278-43D8-9FD2-E631A64B70AE}.ReleaseWithSymbols|x64.ActiveCfg = Release|Win32
		{1C741C2F-3278-43D8-9FD2-E631A64B70AE}.RelWithDebInfo|Win32.ActiveCfg = Release|Win32
		{1C741C2F-3278-43D8-9FD2-E631A64B70AE}.RelWithDebInfo|Win32.Build.0 = Release|Win32
		{1C741C2F-3278-43D8-9FD2-E631A64B70AE}.RelWithDebInfo|x64.ActiveCfg = Release|Win32
		{1C741C2F-3278-43D8-9FD2-E631A64B70AE}.Unicode Debug|Win32.ActiveCfg = Debug|Win32
		{1C741C2F-3278-43D8-9FD2-E631A64B70AE}.Unicode Debug|Win32.Build.0 = Debug|Win32
		{1C741C2F-3278-43D8-9FD2-E631A64B70AE}.Unicode Debug|x64.ActiveCfg = Debug|Win32
		{1C741C2F-3278-43D8-9FD2-E631A64B70AE}.Unicode Release|Win32.ActiveCfg = Release|Win32
		{1C741C2F-3278-43D8-9FD2-E631A64B70AE}.Unicode Release|Win32.Build.0 = Release|Win32
		{1C741C2F-3278-43D8-9FD2-E631A64B70AE}.Unicode Release|x64.ActiveCfg = Release|Win32
		{06739158-FFB0-66BD-4A6E-CD5E37D64486}.Debug DLL|Win32.ActiveCfg = Debug|x64
		{06739158-FFB0-66BD-4A6E-CD5E37D64486}.Debug DLL|x64.ActiveCfg = Debug|x64
		{06739158-FFB0-66BD-4A6E-CD5E37D64486}.Debug DLL|x64.Build.0 = Debug|x64
		{06739158-FFB0-66BD-4A6E-CD5E37D64486}.Debug_Static|Win32.ActiveCfg = Debug|x64
		{06739158-FFB0-66BD-4A6E-CD5E37D64486}.Debug_Static|x64.ActiveCfg = Debug|x64
		{06739158-FFB0-66BD-4A6E-CD5E37D64486}.Debug_Static|x64.Build.0 = Debug|x64
		{06739158-FFB0-66BD-4A6E-CD5E37D64486}.Debug|Win32.ActiveCfg = Debug|Win32
		{06739158-FFB0-66BD-4A6E-CD5E37D64486}.Debug|Win32.Build.0 = Debug|Win32
		{06739158-FFB0-66BD-4A6E-CD5E37D64486}.Debug|x64.ActiveCfg = Debug|x64
		{06739158-FFB0-66BD-4A6E-CD5E37D64486}.Debug|x64.Build.0 = Debug|x64
		{06739158-FFB0-66BD-4A6E-CD5E37D64486}.Dev DLL|Win32.ActiveCfg = Debug|x64
		{06739158-FFB0-66BD-4A6E-CD5E37D64486}.Dev DLL|x64.ActiveCfg = Debug|x64
		{06739158-FFB0-66BD-4A6E-CD5E37D64486}.Dev DLL|x64.Build.0 = Debug|x64
		{06739158-FFB0-66BD-4A6E-CD5E37D64486}.Dev|Win32.ActiveCfg = Debug|x64
		{06739158-FFB0-66BD-4A6E-CD5E37D64486}.Dev|x64.ActiveCfg = Debug|x64
		{06739158-FFB0-66BD-4A6E-CD5E37D64486}.Dev|x64.Build.0 = Debug|x64
		{06739158-FFB0-66BD-4A6E-CD5E37D64486}.Hybrid DLL|Win32.ActiveCfg = Unicode Release|x64
		{06739158-FFB0-66BD-4A6E-CD5E37D64486}.Hybrid DLL|x64.ActiveCfg = Unicode Release|x64
		{06739158-FFB0-66BD-4A6E-CD5E37D64486}.Hybrid DLL|x64.Build.0 = Unicode Release|x64
		{06739158-FFB0-66BD-4A6E-CD5E37D64486}.MinSizeRel|Win32.ActiveCfg = Unicode Release|x64
		{06739158-FFB0-66BD-4A6E-CD5E37D64486}.MinSizeRel|x64.ActiveCfg = Unicode Release|x64
		{06739158-FFB0-66BD-4A6E-CD5E37D64486}.MinSizeRel|x64.Build.0 = Unicode Release|x64
		{06739158-FFB0-66BD-4A6E-CD5E37D64486}.Release DLL|Win32.ActiveCfg = Release|x64
		{06739158-FFB0-66BD-4A6E-CD5E37D64486}.Release DLL|x64.ActiveCfg = Release|x64
		{06739158-FFB0-66BD-4A6E-CD5E37D64486}.Release DLL|x64.Build.0 = Release|x64
		{06739158-FFB0-66BD-4A6E-CD5E37D64486}.Release_Static|Win32.ActiveCfg = Release|x64
		{06739158-FFB0-66BD-4A6E-CD5E37D64486}.Release_Static|x64.ActiveCfg = Release|x64
		{06739158-FFB0-66BD-4A6E-CD5E37D64486}.Release_Static|x64.Build.0 = Release|x64
		{06739158-FFB0-66BD-4A6E-CD5E37D64486}.Release|Win32.ActiveCfg = Release|Win32
		{06739158-FFB0-66BD-4A6E-CD5E37D64486}.Release|Win32.Build.0 = Release|Win32
		{06739158-FFB0-66BD-4A6E-CD5E37D64486}.Release|x64.ActiveCfg = Release|x64
		{06739158-FFB0-66BD-4A6E-CD5E37D64486}.Release|x64.Build.0 = Release|x64
		{06739158-FFB0-66BD-4A6E-CD5E37D64486}.ReleaseWithSymbols|Win32.ActiveCfg = Release|x64
		{06739158-FFB0-66BD-4A6E-CD5E37D64486}.ReleaseWithSymbols|x64.ActiveCfg = Release|x64
		{06739158-FFB0-66BD-4A6E-CD5E37D64486}.ReleaseWithSymbols|x64.Build.0 = Release|x64
		{06739158-FFB0-66BD-4A6E-CD5E37D64486}.RelWithDebInfo|Win32.ActiveCfg = Release|x64
		{06739158-FFB0-66BD-4A6E-CD5E37D64486}.RelWithDebInfo|x64.ActiveCfg = Release|x64
		{06739158-FFB0-66BD-4A6E-CD5E37D64486}.RelWithDebInfo|x64.Build.0 = Release|x64
		{06739158-FFB0-66BD-4A6E-CD5E37D64486}.Unicode Debug|Win32.ActiveCfg = Unicode Debug|Win32
		{06739158-FFB0-66BD-4A6E-CD5E37D64486}.Unicode Debug|Win32.Build.0 = Unicode Debug|Win32
		{06739158-FFB0-66BD-4A6E-CD5E37D64486}.Unicode Debug|x64.ActiveCfg = Unicode Debug|x64
		{06739158-FFB0-66BD-4A6E-CD5E37D64486}.Unicode Debug|x64.Build.0 = Unicode Debug|x64
		{06739158-FFB0-66BD-4A6E-CD5E37D64486}.Unicode Release|Win32.ActiveCfg = Unicode Release|Win32
		{06739158-FFB0-66BD-4A6E-CD5E37D64486}.Unicode Release|Win32.Build.0 = Unicode Release|Win32
		{06739158-FFB0-66BD-4A6E-CD5E37D64486}.Unicode Release|x64.ActiveCfg = Unicode Release|x64
		{06739158-FFB0-66BD-4A6E-CD5E37D64486}.Unicode Release|x64.Build.0 = Unicode Release|x64
		{18B36B88-E7D2-466D-BDB7-72AD2B9F11DF}.Debug DLL|Win32.ActiveCfg = Debug|Win32
		{18B36B88-E7D2-466D-BDB7-72AD2B9F11DF}.Debug DLL|x64.ActiveCfg = Debug|Win32
		{18B36B88-E7D2-466D-BDB7-72AD2B9F11DF}.Debug_Static|Win32.ActiveCfg = Debug|Win32
		{18B36B88-E7D2-466D-BDB7-72AD2B9F11DF}.Debug_Static|x64.ActiveCfg = Debug|Win32
		{18B36B88-E7D2-466D-BDB7-72AD2B9F11DF}.Debug|Win32.ActiveCfg = Debug|Win32
		{18B36B88-E7D2-466D-BDB7-72AD2B9F11DF}.Debug|x64.ActiveCfg = Debug|Win32
		{18B36B88-E7D2-466D-BDB7-72AD2B9F11DF}.Dev DLL|Win32.ActiveCfg = Debug|Win32
		{18B36B88-E7D2-466D-BDB7-72AD2B9F11DF}.Dev DLL|x64.ActiveCfg = Debug|Win32
		{18B36B88-E7D2-466D-BDB7-72AD2B9F11DF}.Dev|Win32.ActiveCfg = Debug|Win32
		{18B36B88-E7D2-466D-BDB7-72AD2B9F11DF}.Dev|x64.ActiveCfg = Debug|Win32
		{18B36B88-E7D2-466D-BDB7-72AD2B9F11DF}.Hybrid DLL|Win32.ActiveCfg = RelWithDebInfo|Win32
		{18B36B88-E7D2-466D-BDB7-72AD2B9F11DF}.Hybrid DLL|x64.ActiveCfg = RelWithDebInfo|Win32
		{18B36B88-E7D2-466D-BDB7-72AD2B9F11DF}.MinSizeRel|Win32.ActiveCfg = MinSizeRel|Win32
		{18B36B88-E7D2-466D-BDB7-72AD2B9F11DF}.MinSizeRel|x64.ActiveCfg = MinSizeRel|Win32
		{18B36B88-E7D2-466D-BDB7-72AD2B9F11DF}.Release DLL|Win32.ActiveCfg = Release|Win32
		{18B36B88-E7D2-466D-BDB7-72AD2B9F11DF}.Release DLL|x64.ActiveCfg = Release|Win32
		{18B36B88-E7D2-466D-BDB7-72AD2B9F11DF}.Release_Static|Win32.ActiveCfg = Release|Win32
		{18B36B88-E7D2-466D-BDB7-72AD2B9F11DF}.Release_Static|x64.ActiveCfg = Release|Win32
		{18B36B88-E7D2-466D-BDB7-72AD2B9F11DF}.Release|Win32.ActiveCfg = Release|Win32
		{18B36B88-E7D2-466D-BDB7-72AD2B9F11DF}.Release|x64.ActiveCfg = Release|Win32
		{18B36B88-E7D2-466D-BDB7-72AD2B9F11DF}.ReleaseWithSymbols|Win32.ActiveCfg = Release|Win32
		{18B36B88-E7D2-466D-BDB7-72AD2B9F11DF}.ReleaseWithSymbols|x64.ActiveCfg = Release|Win32
		{18B36B88-E7D2-466D-BDB7-72AD2B9F11DF}.RelWithDebInfo|Win32.ActiveCfg = RelWithDebInfo|Win32
		{18B36B88-E7D2-466D-BDB7-72AD2B9F11DF}.RelWithDebInfo|x64.ActiveCfg = RelWithDebInfo|Win32
		{18B36B88-E7D2-466D-BDB7-72AD2B9F11DF}.Unicode Debug|Win32.ActiveCfg = Debug|Win32
		{18B36B88-E7D2-466D-BDB7-72AD2B9F11DF}.Unicode Debug|x64.ActiveCfg = Debug|Win32
		{18B36B88-E7D2-466D-BDB7-72AD2B9F11DF}.Unicode Release|Win32.ActiveCfg = Release|Win32
		{18B36B88-E7D2-466D-BDB7-72AD2B9F11DF}.Unicode Release|x64.ActiveCfg = Release|Win32
		{D12113E2-D6DD-364C-A421-AD834D645AEC}.Debug DLL|Win32.ActiveCfg = Debug|Win32
		{D12113E2-D6DD-364C-A421-AD834D645AEC}.Debug DLL|Win32.Build.0 = Debug|Win32
		{D12113E2-D6DD-364C-A421-AD834D645AEC}.Debug DLL|x64.ActiveCfg = Debug|Win32
		{D12113E2-D6DD-364C-A421-AD834D645AEC}.Debug_Static|Win32.ActiveCfg = Debug_Static|Win32
		{D12113E2-D6DD-364C-A421-AD834D645AEC}.Debug_Static|Win32.Build.0 = Debug_Static|Win32
		{D12113E2-D6DD-364C-A421-AD834D645AEC}.Debug_Static|x64.ActiveCfg = Debug_Static|Win32
		{D12113E2-D6DD-364C-A421-AD834D645AEC}.Debug|Win32.ActiveCfg = Debug|Win32
		{D12113E2-D6DD-364C-A421-AD834D645AEC}.Debug|Win32.Build.0 = Debug|Win32
		{D12113E2-D6DD-364C-A421-AD834D645AEC}.Debug|x64.ActiveCfg = Debug|Win32
		{D12113E2-D6DD-364C-A421-AD834D645AEC}.Dev DLL|Win32.ActiveCfg = Debug|Win32
		{D12113E2-D6DD-364C-A421-AD834D645AEC}.Dev DLL|Win32.Build.0 = Debug|Win32
		{D12113E2-D6DD-364C-A421-AD834D645AEC}.Dev DLL|x64.ActiveCfg = Debug|Win32
		{D12113E2-D6DD-364C-A421-AD834D645AEC}.Dev|Win32.ActiveCfg = Debug|Win32
		{D12113E2-D6DD-364C-A421-AD834D645AEC}.Dev|Win32.Build.0 = Debug|Win32
		{D12113E2-D6DD-364C-A421-AD834D645AEC}.Dev|x64.ActiveCfg = Debug|Win32
		{D12113E2-D6DD-364C-A421-AD834D645AEC}.Hybrid DLL|Win32.ActiveCfg = Release|Win32
		{D12113E2-D6DD-364C-A421-AD834D645AEC}.Hybrid DLL|Win32.Build.0 = Release|Win32
		{D12113E2-D6DD-364C-A421-AD834D645AEC}.Hybrid DLL|x64.ActiveCfg = Release|Win32
		{D12113E2-D6DD-364C-A421-AD834D645AEC}.MinSizeRel|Win32.ActiveCfg = Release|Win32
		{D12113E2-D6DD-364C-A421-AD834D645AEC}.MinSizeRel|Win32.Build.0 = Release|Win32
		{D12113E2-D6DD-364C-A421-AD834D645AEC}.MinSizeRel|x64.ActiveCfg = Release|Win32
		{D12113E2-D6DD-364C-A421-AD834D645AEC}.Release DLL|Win32.ActiveCfg = Release|Win32
		{D12113E2-D6DD-364C-A421-AD834D645AEC}.Release DLL|Win32.Build.0 = Release|Win32
		{D12113E2-D6DD-364C-A421-AD834D645AEC}.Release DLL|x64.ActiveCfg = Release|Win32
		{D12113E2-D6DD-364C-A421-AD834D645AEC}.Release_Static|Win32.ActiveCfg = Release_Static|Win32
		{D12113E2-D6DD-364C-A421-AD834D645AEC}.Release_Static|Win32.Build.0 = Release_Static|Win32
		{D12113E2-D6DD-364C-A421-AD834D645AEC}.Release_Static|x64.ActiveCfg = Release_Static|Win32
		{D12113E2-D6DD-364C-A421-AD834D645AEC}.Release|Win32.ActiveCfg = Release|Win32
		{D12113E2-D6DD-364C-A421-AD834D645AEC}.Release|Win32.Build.0 = Release|Win32
		{D12113E2-D6DD-364C-A421-AD834D645AEC}.Release|x64.ActiveCfg = Release|Win32
		{D12113E2-D6DD-364C-A421-AD834D645AEC}.ReleaseWithSymbols|Win32.ActiveCfg = ReleaseWithSymbols|Win32
		{D12113E2-D6DD-364C-A421-AD834D645AEC}.ReleaseWithSymbols|Win32.Build.0 = ReleaseWithSymbols|Win32
		{D12113E2-D6DD-364C-A421-AD834D645AEC}.ReleaseWithSymbols|x64.ActiveCfg = ReleaseWithSymbols|Win32
		{D12113E2-D6DD-364C-A421-AD834D645AEC}.RelWithDebInfo|Win32.ActiveCfg = Release|Win32
		{D12113E2-D6DD-364C-A421-AD834D645AEC}.RelWithDebInfo|Win32.Build.0 = Release|Win32
		{D12113E2-D6DD-364C-A421-AD834D645AEC}.RelWithDebInfo|x64.ActiveCfg = Release|Win32
		{D12113E2-D6DD-364C-A421-AD834D645AEC}.Unicode Debug|Win32.ActiveCfg = Debug|Win32
		{D12113E2-D6DD-364C-A421-AD834D645AEC}.Unicode Debug|Win32.Build.0 = Debug|Win32
		{D12113E2-D6DD-364C-A421-AD834D645AEC}.Unicode Debug|x64.ActiveCfg = Debug|Win32
		{D12113E2-D6DD-364C-A421-AD834D645AEC}.Unicode Release|Win32.ActiveCfg = Release|Win32
		{D12113E2-D6DD-364C-A421-AD834D645AEC}.Unicode Release|Win32.Build.0 = Release|Win32
		{D12113E2-D6DD-364C-A421-AD834D645AEC}.Unicode Release|x64.ActiveCfg = Release|Win32
		{A8206C2E-FB64-944D-9392-83742AFCF535}.Debug DLL|Win32.ActiveCfg = Debug|Win32
		{A8206C2E-FB64-944D-9392-83742AFCF535}.Debug DLL|Win32.Build.0 = Debug|Win32
		{A8206C2E-FB64-944D-9392-83742AFCF535}.Debug DLL|x64.ActiveCfg = Debug|Win32
		{A8206C2E-FB64-944D-9392-83742AFCF535}.Debug_Static|Win32.ActiveCfg = Debug_Static|Win32
		{A8206C2E-FB64-944D-9392-83742AFCF535}.Debug_Static|Win32.Build.0 = Debug_Static|Win32
		{A8206C2E-FB64-944D-9392-83742AFCF535}.Debug_Static|x64.ActiveCfg = Debug_Static|Win32
		{A8206C2E-FB64-944D-9392-83742AFCF535}.Debug|Win32.ActiveCfg = Debug|Win32
		{A8206C2E-FB64-944D-9392-83742AFCF535}.Debug|Win32.Build.0 = Debug|Win32
		{A8206C2E-FB64-944D-9392-83742AFCF535}.Debug|x64.ActiveCfg = Debug|Win32
		{A8206C2E-FB64-944D-9392-83742AFCF535}.Dev DLL|Win32.ActiveCfg = Debug|Win32
		{A8206C2E-FB64-944D-9392-83742AFCF535}.Dev DLL|Win32.Build.0 = Debug|Win32
		{A8206C2E-FB64-944D-9392-83742AFCF535}.Dev DLL|x64.ActiveCfg = Debug|Win32
		{A8206C2E-FB64-944D-9392-83742AFCF535}.Dev|Win32.ActiveCfg = Debug|Win32
		{A8206C2E-FB64-944D-9392-83742AFCF535}.Dev|Win32.Build.0 = Debug|Win32
		{A8206C2E-FB64-944D-9392-83742AFCF535}.Dev|x64.ActiveCfg = Debug|Win32
		{A8206C2E-FB64-944D-9392-83742AFCF535}.Hybrid DLL|Win32.ActiveCfg = Release|Win32
		{A8206C2E-FB64-944D-9392-83742AFCF535}.Hybrid DLL|Win32.Build.0 = Release|Win32
		{A8206C2E-FB64-944D-9392-83742AFCF535}.Hybrid DLL|x64.ActiveCfg = Release|Win32
		{A8206C2E-FB64-944D-9392-83742AFCF535}.MinSizeRel|Win32.ActiveCfg = Release|Win32
		{A8206C2E-FB64-944D-9392-83742AFCF535}.MinSizeRel|Win32.Build.0 = Release|Win32
		{A8206C2E-FB64-944D-9392-83742AFCF535}.MinSizeRel|x64.ActiveCfg = Release|Win32
		{A8206C2E-FB64-944D-9392-83742AFCF535}.Release DLL|Win32.ActiveCfg = Release|Win32
		{A8206C2E-FB64-944D-9392-83742AFCF535}.Release DLL|Win32.Build.0 = Release|Win32
		{A8206C2E-FB64-944D-9392-83742AFCF535}.Release DLL|x64.ActiveCfg = Release|Win32
		{A8206C2E-FB64-944D-9392-83742AFCF535}.Release_Static|Win32.ActiveCfg = Release_Static|Win32
		{A8206C2E-FB64-944D-9392-83742AFCF535}.Release_Static|Win32.Build.0 = Release_Static|Win32
		{A8206C2E-FB64-944D-9392-83742AFCF535}.Release_Static|x64.ActiveCfg = Release_Static|Win32
		{A8206C2E-FB64-944D-9392-83742AFCF535}.Release|Win32.ActiveCfg = Release|Win32
		{A8206C2E-FB64-944D-9392-83742AFCF535}.Release|Win32.Build.0 = Release|Win32
		{A8206C2E-FB64-944D-9392-83742AFCF535}.Release|x64.ActiveCfg = Release|Win32
		{A8206C2E-FB64-944D-9392-83742AFCF535}.ReleaseWithSymbols|Win32.ActiveCfg = ReleaseWithSymbols|Win32
		{A8206C2E-FB64-944D-9392-83742AFCF535}.ReleaseWithSymbols|Win32.Build.0 = ReleaseWithSymbols|Win32
		{A8206C2E-FB64-944D-9392-83742AFCF535}.ReleaseWithSymbols|x64.ActiveCfg = ReleaseWithSymbols|Win32
		{A8206C2E-FB64-944D-9392-83742AFCF535}.RelWithDebInfo|Win32.ActiveCfg = Release|Win32
		{A8206C2E-FB64-944D-9392-83742AFCF535}.RelWithDebInfo|Win32.Build.0 = Release|Win32
		{A8206C2E-FB64-944D-9392-83742AFCF535}.RelWithDebInfo|x64.ActiveCfg = Release|Win32
		{A8206C2E-FB64-944D-9392-83742AFCF535}.Unicode Debug|Win32.ActiveCfg = Debug|Win32
		{A8206C2E-FB64-944D-9392-83742AFCF535}.Unicode Debug|Win32.Build.0 = Debug|Win32
		{A8206C2E-FB64-944D-9392-83742AFCF535}.Unicode Debug|x64.ActiveCfg = Debug|Win32
		{A8206C2E-FB64-944D-9392-83742AFCF535}.Unicode Release|Win32.ActiveCfg = Release|Win32
		{A8206C2E-FB64-944D-9392-83742AFCF535}.Unicode Release|Win32.Build.0 = Release|Win32
		{A8206C2E-FB64-944D-9392-83742AFCF535}.Unicode Release|x64.ActiveCfg = Release|Win32
	EndGlobalSection
	GlobalSection(SolutionProperties) = preSolution
		HideSolutionNode = FALSE
	EndGlobalSection
EndGlobal
