<?xml version="1.0" encoding="utf-8"?>
<Project ToolsVersion="4.0" xmlns="http://schemas.microsoft.com/developer/msbuild/2003">
  <ItemGroup>
    <Filter Include="资源文件">
      <UniqueIdentifier>{67DA6AB6-F800-4c08-8B7A-83BB121AAD01}</UniqueIdentifier>
      <Extensions>rc;ico;cur;bmp;dlg;rc2;rct;bin;rgs;gif;jpg;jpeg;jpe;resx;tiff;tif;png;wav;mfcribbon-ms</Extensions>
    </Filter>
    <Filter Include="rapidxml">
      <UniqueIdentifier>{f85173b9-8c83-49a6-8126-8ec6181b6acd}</UniqueIdentifier>
    </Filter>
    <Filter Include="Core">
      <UniqueIdentifier>{2a5a042f-ccb3-49d6-86a6-db00d9a75467}</UniqueIdentifier>
    </Filter>
    <Filter Include="Client">
      <UniqueIdentifier>{9f10a3c6-13b5-446d-bbd0-6ce31b684e40}</UniqueIdentifier>
    </Filter>
    <Filter Include="Client\Object">
      <UniqueIdentifier>{020a74dd-dd10-4ce1-8f11-5fa943069379}</UniqueIdentifier>
    </Filter>
    <Filter Include="Client\AI">
      <UniqueIdentifier>{1dead6f4-a841-4003-9123-7cd0d1ed3bd0}</UniqueIdentifier>
    </Filter>
    <Filter Include="OgreRecast">
      <UniqueIdentifier>{3fc97928-456e-4b29-b1f6-d5b4fe7bedcf}</UniqueIdentifier>
    </Filter>
    <Filter Include="OgreRecast\Include">
      <UniqueIdentifier>{ffb4b9bc-1243-48bb-aaa5-06ab1f5d313a}</UniqueIdentifier>
    </Filter>
    <Filter Include="OgreRecast\Include\Detour">
      <UniqueIdentifier>{50e5889e-ac0b-46fb-be70-c99f8e765b2a}</UniqueIdentifier>
    </Filter>
    <Filter Include="OgreRecast\Include\DetourCrowd">
      <UniqueIdentifier>{c4b6f5a4-2232-40ae-b42c-3dbc3ba7b31a}</UniqueIdentifier>
    </Filter>
    <Filter Include="OgreRecast\Include\DetourTileCache">
      <UniqueIdentifier>{e678c2c4-348a-4f4a-8724-fdb21fb36e35}</UniqueIdentifier>
    </Filter>
    <Filter Include="OgreRecast\Include\Recast">
      <UniqueIdentifier>{0b9df6be-c6a3-4486-a36d-0ad436681ab7}</UniqueIdentifier>
    </Filter>
    <Filter Include="OgreRecast\Include\RecastContrib">
      <UniqueIdentifier>{c6d88647-3bad-421b-805b-957729f7434f}</UniqueIdentifier>
    </Filter>
    <Filter Include="OgreRecast\Src">
      <UniqueIdentifier>{3f49bbb6-67e7-47db-b0d4-02c8c9984335}</UniqueIdentifier>
    </Filter>
    <Filter Include="OgreRecast\Src\Detour">
      <UniqueIdentifier>{28f0db2d-11f9-419a-8dc1-b27adac2957d}</UniqueIdentifier>
    </Filter>
    <Filter Include="OgreRecast\Src\DetourCrowd">
      <UniqueIdentifier>{ed5c6f71-951b-4422-a91f-7b55f6be361b}</UniqueIdentifier>
    </Filter>
    <Filter Include="OgreRecast\Src\DetourTileCache">
      <UniqueIdentifier>{9961e1b2-d9b1-4c93-9e70-90e7b4369fb0}</UniqueIdentifier>
    </Filter>
    <Filter Include="OgreRecast\Src\Recast">
      <UniqueIdentifier>{d098fa2c-7ae0-4f20-a966-bc53db32331b}</UniqueIdentifier>
    </Filter>
    <Filter Include="OgreRecast\Src\RecastContrib">
      <UniqueIdentifier>{414e6cea-2389-45a9-af89-3e662186a137}</UniqueIdentifier>
    </Filter>
    <Filter Include="Client\UI">
      <UniqueIdentifier>{8cd7c6ce-59c5-4679-a3dc-9a8f3a6a6675}</UniqueIdentifier>
    </Filter>
  </ItemGroup>
  <ItemGroup>
    <ClInclude Include="Game\rapidxml\rapidxml.hpp">
      <Filter>rapidxml</Filter>
    </ClInclude>
    <ClInclude Include="Game\rapidxml\rapidxml_iterators.hpp">
      <Filter>rapidxml</Filter>
    </ClInclude>
    <ClInclude Include="Game\rapidxml\rapidxml_print.hpp">
      <Filter>rapidxml</Filter>
    </ClInclude>
    <ClInclude Include="Game\rapidxml\rapidxml_utils.hpp">
      <Filter>rapidxml</Filter>
    </ClInclude>
    <ClInclude Include="Game\Core\Application.h">
      <Filter>Core</Filter>
    </ClInclude>
    <ClInclude Include="Game\Core\AppState.h">
      <Filter>Core</Filter>
    </ClInclude>
    <ClInclude Include="Game\Core\AppStateManager.h">
      <Filter>Core</Filter>
    </ClInclude>
    <ClInclude Include="Game\Core\GUIManager.h">
      <Filter>Core</Filter>
    </ClInclude>
    <ClInclude Include="Game\Core\InputManager.h">
      <Filter>Core</Filter>
    </ClInclude>
    <ClInclude Include="Game\Core\luna.h">
      <Filter>Core</Filter>
    </ClInclude>
    <ClInclude Include="Game\Core\OgreManager.h">
      <Filter>Core</Filter>
    </ClInclude>
    <ClInclude Include="Game\Core\ScriptSystem.h">
      <Filter>Core</Filter>
    </ClInclude>
    <ClInclude Include="Game\Core\Singleton.h">
      <Filter>Core</Filter>
    </ClInclude>
    <ClInclude Include="Game\Client\BattleState.h">
      <Filter>Client</Filter>
    </ClInclude>
    <ClInclude Include="Game\Client\DotSceneLoader.h">
      <Filter>Client</Filter>
    </ClInclude>
    <ClInclude Include="Game\Client\GameDefine.h">
      <Filter>Client</Filter>
    </ClInclude>
    <ClInclude Include="Game\Client\World.h">
      <Filter>Client</Filter>
    </ClInclude>
    <ClInclude Include="Game\Client\stdafx.h">
      <Filter>Client</Filter>
    </ClInclude>
    <ClInclude Include="Game\Client\Object\Building.h">
      <Filter>Client\Object</Filter>
    </ClInclude>
    <ClInclude Include="Game\Client\Object\Faction.h">
      <Filter>Client\Object</Filter>
    </ClInclude>
    <ClInclude Include="Game\Client\Object\ObjectBase.h">
      <Filter>Client\Object</Filter>
    </ClInclude>
    <ClInclude Include="Game\Client\Object\ObjectFactory.h">
      <Filter>Client\Object</Filter>
    </ClInclude>
    <ClInclude Include="Game\Client\Object\ObjectManager.h">
      <Filter>Client\Object</Filter>
    </ClInclude>
    <ClInclude Include="Game\Client\Object\Unit.h">
      <Filter>Client\Object</Filter>
    </ClInclude>
    <ClInclude Include="Game\Client\AI\Command.h">
      <Filter>Client\AI</Filter>
    </ClInclude>
    <ClInclude Include="Game\Client\AI\UnitState.h">
      <Filter>Client\AI</Filter>
    </ClInclude>
    <ClInclude Include="Game\Client\AI\AIComponent.h">
      <Filter>Client\AI</Filter>
    </ClInclude>
    <ClInclude Include="Game\Client\Object\SelectableObject.h">
      <Filter>Client\Object</Filter>
    </ClInclude>
    <ClInclude Include="Dependency\OgreRecast\Include\ConvexShapeObstacle.h">
      <Filter>OgreRecast\Include</Filter>
    </ClInclude>
    <ClInclude Include="Dependency\OgreRecast\Include\CylinderObstacle.h">
      <Filter>OgreRecast\Include</Filter>
    </ClInclude>
    <ClInclude Include="Dependency\OgreRecast\Include\Obstacle.h">
      <Filter>OgreRecast\Include</Filter>
    </ClInclude>
    <ClInclude Include="Dependency\OgreRecast\Include\OgreDetourCrowd.h">
      <Filter>OgreRecast\Include</Filter>
    </ClInclude>
    <ClInclude Include="Dependency\OgreRecast\Include\OgreDetourTileCache.h">
      <Filter>OgreRecast\Include</Filter>
    </ClInclude>
    <ClInclude Include="Dependency\OgreRecast\Include\OgreRecast.h">
      <Filter>OgreRecast\Include</Filter>
    </ClInclude>
    <ClInclude Include="Dependency\OgreRecast\Include\OgreRecastDefinitions.h">
      <Filter>OgreRecast\Include</Filter>
    </ClInclude>
    <ClInclude Include="Dependency\OgreRecast\Include\OgreRecastNavmeshPruner.h">
      <Filter>OgreRecast\Include</Filter>
    </ClInclude>
    <ClInclude Include="Dependency\OgreRecast\Include\RecastConvexHull.h">
      <Filter>OgreRecast\Include</Filter>
    </ClInclude>
    <ClInclude Include="Dependency\OgreRecast\Include\RecastInputGeom.h">
      <Filter>OgreRecast\Include</Filter>
    </ClInclude>
    <ClInclude Include="Dependency\OgreRecast\Include\Detour\DetourAlloc.h">
      <Filter>OgreRecast\Include\Detour</Filter>
    </ClInclude>
    <ClInclude Include="Dependency\OgreRecast\Include\Detour\DetourAssert.h">
      <Filter>OgreRecast\Include\Detour</Filter>
    </ClInclude>
    <ClInclude Include="Dependency\OgreRecast\Include\Detour\DetourCommon.h">
      <Filter>OgreRecast\Include\Detour</Filter>
    </ClInclude>
    <ClInclude Include="Dependency\OgreRecast\Include\Detour\DetourNavMesh.h">
      <Filter>OgreRecast\Include\Detour</Filter>
    </ClInclude>
    <ClInclude Include="Dependency\OgreRecast\Include\Detour\DetourNavMeshBuilder.h">
      <Filter>OgreRecast\Include\Detour</Filter>
    </ClInclude>
    <ClInclude Include="Dependency\OgreRecast\Include\Detour\DetourNavMeshQuery.h">
      <Filter>OgreRecast\Include\Detour</Filter>
    </ClInclude>
    <ClInclude Include="Dependency\OgreRecast\Include\Detour\DetourNode.h">
      <Filter>OgreRecast\Include\Detour</Filter>
    </ClInclude>
    <ClInclude Include="Dependency\OgreRecast\Include\Detour\DetourStatus.h">
      <Filter>OgreRecast\Include\Detour</Filter>
    </ClInclude>
    <ClInclude Include="Dependency\OgreRecast\Include\DetourCrowd\DetourCrowd.h">
      <Filter>OgreRecast\Include\DetourCrowd</Filter>
    </ClInclude>
    <ClInclude Include="Dependency\OgreRecast\Include\DetourCrowd\DetourLocalBoundary.h">
      <Filter>OgreRecast\Include\DetourCrowd</Filter>
    </ClInclude>
    <ClInclude Include="Dependency\OgreRecast\Include\DetourCrowd\DetourObstacleAvoidance.h">
      <Filter>OgreRecast\Include\DetourCrowd</Filter>
    </ClInclude>
    <ClInclude Include="Dependency\OgreRecast\Include\DetourCrowd\DetourPathCorridor.h">
      <Filter>OgreRecast\Include\DetourCrowd</Filter>
    </ClInclude>
    <ClInclude Include="Dependency\OgreRecast\Include\DetourCrowd\DetourPathQueue.h">
      <Filter>OgreRecast\Include\DetourCrowd</Filter>
    </ClInclude>
    <ClInclude Include="Dependency\OgreRecast\Include\DetourCrowd\DetourProximityGrid.h">
      <Filter>OgreRecast\Include\DetourCrowd</Filter>
    </ClInclude>
    <ClInclude Include="Dependency\OgreRecast\Include\DetourTileCache\DetourTileCache.h">
      <Filter>OgreRecast\Include\DetourTileCache</Filter>
    </ClInclude>
    <ClInclude Include="Dependency\OgreRecast\Include\DetourTileCache\DetourTileCacheBuilder.h">
      <Filter>OgreRecast\Include\DetourTileCache</Filter>
    </ClInclude>
    <ClInclude Include="Dependency\OgreRecast\Include\Recast\Recast.h">
      <Filter>OgreRecast\Include\Recast</Filter>
    </ClInclude>
    <ClInclude Include="Dependency\OgreRecast\Include\Recast\RecastAlloc.h">
      <Filter>OgreRecast\Include\Recast</Filter>
    </ClInclude>
    <ClInclude Include="Dependency\OgreRecast\Include\Recast\RecastAssert.h">
      <Filter>OgreRecast\Include\Recast</Filter>
    </ClInclude>
    <ClInclude Include="Dependency\OgreRecast\Include\Character.h">
      <Filter>OgreRecast\Include\RecastContrib</Filter>
    </ClInclude>
    <ClInclude Include="Dependency\OgreRecast\Include\RecastContrib\fastlz\fastlz.h">
      <Filter>OgreRecast\Include\RecastContrib</Filter>
    </ClInclude>
    <ClInclude Include="Dependency\OgreRecast\Include\TestCharacter.h">
      <Filter>OgreRecast\Include\RecastContrib</Filter>
    </ClInclude>
    <ClInclude Include="Game\Client\Object\Resource.h">
      <Filter>Client\Object</Filter>
    </ClInclude>
    <ClInclude Include="Game\Client\UI\CommandPanel.h">
      <Filter>Client\UI</Filter>
    </ClInclude>
    <ClInclude Include="Game\Client\GameDataDef.h">
      <Filter>Client</Filter>
    </ClInclude>
    <ClInclude Include="Game\Client\UI\InfoPanel.h">
      <Filter>Client\UI</Filter>
    </ClInclude>
  </ItemGroup>
  <ItemGroup>
    <ClCompile Include="Game\Core\Application.cpp">
      <Filter>Core</Filter>
    </ClCompile>
    <ClCompile Include="Game\Core\AppStateManager.cpp">
      <Filter>Core</Filter>
    </ClCompile>
    <ClCompile Include="Game\Core\GUIManager.cpp">
      <Filter>Core</Filter>
    </ClCompile>
    <ClCompile Include="Game\Core\InputManager.cpp">
      <Filter>Core</Filter>
    </ClCompile>
    <ClCompile Include="Game\Core\MiniCraft.cpp">
      <Filter>Core</Filter>
    </ClCompile>
    <ClCompile Include="Game\Core\OgreManager.cpp">
      <Filter>Core</Filter>
    </ClCompile>
    <ClCompile Include="Game\Core\ScriptSystem.cpp">
      <Filter>Core</Filter>
    </ClCompile>
    <ClCompile Include="Game\Client\BattleState.cpp">
      <Filter>Client</Filter>
    </ClCompile>
    <ClCompile Include="Game\Client\DotSceneLoader.cpp">
      <Filter>Client</Filter>
    </ClCompile>
    <ClCompile Include="Game\Client\World.cpp">
      <Filter>Client</Filter>
    </ClCompile>
    <ClCompile Include="Game\Client\stdafx.cpp">
      <Filter>Client</Filter>
    </ClCompile>
    <ClCompile Include="Game\Client\Object\Building.cpp">
      <Filter>Client\Object</Filter>
    </ClCompile>
    <ClCompile Include="Game\Client\Object\Faction.cpp">
      <Filter>Client\Object</Filter>
    </ClCompile>
    <ClCompile Include="Game\Client\Object\ObjectBase.cpp">
      <Filter>Client\Object</Filter>
    </ClCompile>
    <ClCompile Include="Game\Client\Object\ObjectFactory.cpp">
      <Filter>Client\Object</Filter>
    </ClCompile>
    <ClCompile Include="Game\Client\Object\ObjectManager.cpp">
      <Filter>Client\Object</Filter>
    </ClCompile>
    <ClCompile Include="Game\Client\Object\Unit.cpp">
      <Filter>Client\Object</Filter>
    </ClCompile>
    <ClCompile Include="Game\Client\AI\Command.cpp">
      <Filter>Client\AI</Filter>
    </ClCompile>
    <ClCompile Include="Game\Client\AI\UnitState.cpp">
      <Filter>Client\AI</Filter>
    </ClCompile>
    <ClCompile Include="Game\Client\AI\AIComponent.cpp">
      <Filter>Client\AI</Filter>
    </ClCompile>
    <ClCompile Include="Game\Client\Object\SelectableObject.cpp">
      <Filter>Client\Object</Filter>
    </ClCompile>
    <ClCompile Include="Dependency\OgreRecast\Src\Character.cpp">
      <Filter>OgreRecast\Src</Filter>
    </ClCompile>
    <ClCompile Include="Dependency\OgreRecast\Src\Obstacle.cpp">
      <Filter>OgreRecast\Src</Filter>
    </ClCompile>
    <ClCompile Include="Dependency\OgreRecast\Src\OgreDetourCrowd.cpp">
      <Filter>OgreRecast\Src</Filter>
    </ClCompile>
    <ClCompile Include="Dependency\OgreRecast\Src\OgreDetourTileCache.cpp">
      <Filter>OgreRecast\Src</Filter>
    </ClCompile>
    <ClCompile Include="Dependency\OgreRecast\Src\OgreRecast.cpp">
      <Filter>OgreRecast\Src</Filter>
    </ClCompile>
    <ClCompile Include="Dependency\OgreRecast\Src\OgreRecastNavmeshPruner.cpp">
      <Filter>OgreRecast\Src</Filter>
    </ClCompile>
    <ClCompile Include="Dependency\OgreRecast\Src\RecastConvexHull.cpp">
      <Filter>OgreRecast\Src</Filter>
    </ClCompile>
    <ClCompile Include="Dependency\OgreRecast\Src\RecastInputGeom.cpp">
      <Filter>OgreRecast\Src</Filter>
    </ClCompile>
    <ClCompile Include="Dependency\OgreRecast\Src\Detour\DetourAlloc.cpp">
      <Filter>OgreRecast\Src\Detour</Filter>
    </ClCompile>
    <ClCompile Include="Dependency\OgreRecast\Src\Detour\DetourCommon.cpp">
      <Filter>OgreRecast\Src\Detour</Filter>
    </ClCompile>
    <ClCompile Include="Dependency\OgreRecast\Src\Detour\DetourNavMesh.cpp">
      <Filter>OgreRecast\Src\Detour</Filter>
    </ClCompile>
    <ClCompile Include="Dependency\OgreRecast\Src\Detour\DetourNavMeshBuilder.cpp">
      <Filter>OgreRecast\Src\Detour</Filter>
    </ClCompile>
    <ClCompile Include="Dependency\OgreRecast\Src\Detour\DetourNavMeshQuery.cpp">
      <Filter>OgreRecast\Src\Detour</Filter>
    </ClCompile>
    <ClCompile Include="Dependency\OgreRecast\Src\Detour\DetourNode.cpp">
      <Filter>OgreRecast\Src\Detour</Filter>
    </ClCompile>
    <ClCompile Include="Dependency\OgreRecast\Src\DetourCrowd\DetourCrowd.cpp">
      <Filter>OgreRecast\Src\DetourCrowd</Filter>
    </ClCompile>
    <ClCompile Include="Dependency\OgreRecast\Src\DetourCrowd\DetourLocalBoundary.cpp">
      <Filter>OgreRecast\Src\DetourCrowd</Filter>
    </ClCompile>
    <ClCompile Include="Dependency\OgreRecast\Src\DetourCrowd\DetourObstacleAvoidance.cpp">
      <Filter>OgreRecast\Src\DetourCrowd</Filter>
    </ClCompile>
    <ClCompile Include="Dependency\OgreRecast\Src\DetourCrowd\DetourPathCorridor.cpp">
      <Filter>OgreRecast\Src\DetourCrowd</Filter>
    </ClCompile>
    <ClCompile Include="Dependency\OgreRecast\Src\DetourCrowd\DetourPathQueue.cpp">
      <Filter>OgreRecast\Src\DetourCrowd</Filter>
    </ClCompile>
    <ClCompile Include="Dependency\OgreRecast\Src\DetourCrowd\DetourProximityGrid.cpp">
      <Filter>OgreRecast\Src\DetourCrowd</Filter>
    </ClCompile>
    <ClCompile Include="Dependency\OgreRecast\Src\DetourTileCache\DetourTileCache.cpp">
      <Filter>OgreRecast\Src\DetourTileCache</Filter>
    </ClCompile>
    <ClCompile Include="Dependency\OgreRecast\Src\DetourTileCache\DetourTileCacheBuilder.cpp">
      <Filter>OgreRecast\Src\DetourTileCache</Filter>
    </ClCompile>
    <ClCompile Include="Dependency\OgreRecast\Src\Recast\Recast.cpp">
      <Filter>OgreRecast\Src\Recast</Filter>
    </ClCompile>
    <ClCompile Include="Dependency\OgreRecast\Src\Recast\RecastAlloc.cpp">
      <Filter>OgreRecast\Src\Recast</Filter>
    </ClCompile>
    <ClCompile Include="Dependency\OgreRecast\Src\Recast\RecastArea.cpp">
      <Filter>OgreRecast\Src\Recast</Filter>
    </ClCompile>
    <ClCompile Include="Dependency\OgreRecast\Src\Recast\RecastContour.cpp">
      <Filter>OgreRecast\Src\Recast</Filter>
    </ClCompile>
    <ClCompile Include="Dependency\OgreRecast\Src\Recast\RecastFilter.cpp">
      <Filter>OgreRecast\Src\Recast</Filter>
    </ClCompile>
    <ClCompile Include="Dependency\OgreRecast\Src\Recast\RecastLayers.cpp">
      <Filter>OgreRecast\Src\Recast</Filter>
    </ClCompile>
    <ClCompile Include="Dependency\OgreRecast\Src\Recast\RecastMesh.cpp">
      <Filter>OgreRecast\Src\Recast</Filter>
    </ClCompile>
    <ClCompile Include="Dependency\OgreRecast\Src\Recast\RecastMeshDetail.cpp">
      <Filter>OgreRecast\Src\Recast</Filter>
    </ClCompile>
    <ClCompile Include="Dependency\OgreRecast\Src\Recast\RecastRasterization.cpp">
      <Filter>OgreRecast\Src\Recast</Filter>
    </ClCompile>
    <ClCompile Include="Dependency\OgreRecast\Src\Recast\RecastRegion.cpp">
      <Filter>OgreRecast\Src\Recast</Filter>
    </ClCompile>
    <ClCompile Include="Dependency\OgreRecast\Src\RecastContrib\fastlz\fastlz.c">
      <Filter>OgreRecast\Src\RecastContrib</Filter>
    </ClCompile>
    <ClCompile Include="Game\Client\Object\Resource.cpp">
      <Filter>Client\Object</Filter>
    </ClCompile>
    <ClCompile Include="Game\Client\UI\CommandPanel.cpp">
      <Filter>Client\UI</Filter>
    </ClCompile>
    <ClCompile Include="Game\Client\GameDataDef.cpp">
      <Filter>Client</Filter>
    </ClCompile>
    <ClCompile Include="Game\Client\UI\InfoPanel.cpp">
      <Filter>Client\UI</Filter>
    </ClCompile>
  </ItemGroup>
  <ItemGroup>
    <None Include="UnitState.lua">
      <Filter>资源文件</Filter>
    </None>
  </ItemGroup>
</Project>