
Microsoft Visual Studio Solution File, Format Version 11.00
# Visual Studio 2010
Project("{8BC9CEB8-8B4A-11D0-8D11-00A0C91BC942}") = "MiniCraft", "MiniCraft.vcxproj", "{7193039C-4E9E-4BA8-B0CE-47AFD3C7C554}"
EndProject
Project("{8BC9CEB8-8B4A-11D0-8D11-00A0C91BC942}") = "SceneEdit", "..\Editor\SceneEdit\SceneEdit.vcxproj", "{F2B2D7A0-6DBB-4C53-9C3B-6B1A36EE807B}"
EndProject
Project("{8BC9CEB8-8B4A-11D0-8D11-00A0C91BC942}") = "CEGUIBase", "..\..\CEGUI-0.7.9\projects\premake\BaseSystem\CEGUIBase.vcxproj", "{58F33426-26FE-6444-B3CB-5BC70B8B8A47}"
EndProject
Global
	GlobalSection(SolutionConfigurationPlatforms) = preSolution
		Debug_Static|Win32 = Debug_Static|Win32
		Debug_Static|x64 = Debug_Static|x64
		Debug|Win32 = Debug|Win32
		Debug|x64 = Debug|x64
		MinSizeRel|Win32 = MinSizeRel|Win32
		MinSizeRel|x64 = MinSizeRel|x64
		Release_Static|Win32 = Release_Static|Win32
		Release_Static|x64 = Release_Static|x64
		Release|Win32 = Release|Win32
		Release|x64 = Release|x64
		ReleaseWithSymbols|Win32 = ReleaseWithSymbols|Win32
		ReleaseWithSymbols|x64 = ReleaseWithSymbols|x64
		RelWithDebInfo|Win32 = RelWithDebInfo|Win32
		RelWithDebInfo|x64 = RelWithDebInfo|x64
		Unicode Debug|Win32 = Unicode Debug|Win32
		Unicode Debug|x64 = Unicode Debug|x64
		Unicode Release|Win32 = Unicode Release|Win32
		Unicode Release|x64 = Unicode Release|x64
	EndGlobalSection
	GlobalSection(ProjectConfigurationPlatforms) = postSolution
		{7193039C-4E9E-4BA8-B0CE-47AFD3C7C554}.Debug_Static|Win32.ActiveCfg = Debug|Win32
		{7193039C-4E9E-4BA8-B0CE-47AFD3C7C554}.Debug_Static|Win32.Build.0 = Debug|Win32
		{7193039C-4E9E-4BA8-B0CE-47AFD3C7C554}.Debug_Static|x64.ActiveCfg = Debug|Win32
		{7193039C-4E9E-4BA8-B0CE-47AFD3C7C554}.Debug|Win32.ActiveCfg = Debug|Win32
		{7193039C-4E9E-4BA8-B0CE-47AFD3C7C554}.Debug|Win32.Build.0 = Debug|Win32
		{7193039C-4E9E-4BA8-B0CE-47AFD3C7C554}.Debug|x64.ActiveCfg = Debug|Win32
		{7193039C-4E9E-4BA8-B0CE-47AFD3C7C554}.MinSizeRel|Win32.ActiveCfg = Release|Win32
		{7193039C-4E9E-4BA8-B0CE-47AFD3C7C554}.MinSizeRel|Win32.Build.0 = Release|Win32
		{7193039C-4E9E-4BA8-B0CE-47AFD3C7C554}.MinSizeRel|x64.ActiveCfg = Release|Win32
		{7193039C-4E9E-4BA8-B0CE-47AFD3C7C554}.Release_Static|Win32.ActiveCfg = Release|Win32
		{7193039C-4E9E-4BA8-B0CE-47AFD3C7C554}.Release_Static|Win32.Build.0 = Release|Win32
		{7193039C-4E9E-4BA8-B0CE-47AFD3C7C554}.Release_Static|x64.ActiveCfg = Release|Win32
		{7193039C-4E9E-4BA8-B0CE-47AFD3C7C554}.Release|Win32.ActiveCfg = Release|Win32
		{7193039C-4E9E-4BA8-B0CE-47AFD3C7C554}.Release|Win32.Build.0 = Release|Win32
		{7193039C-4E9E-4BA8-B0CE-47AFD3C7C554}.Release|x64.ActiveCfg = Release|Win32
		{7193039C-4E9E-4BA8-B0CE-47AFD3C7C554}.ReleaseWithSymbols|Win32.ActiveCfg = Release|Win32
		{7193039C-4E9E-4BA8-B0CE-47AFD3C7C554}.ReleaseWithSymbols|Win32.Build.0 = Release|Win32
		{7193039C-4E9E-4BA8-B0CE-47AFD3C7C554}.ReleaseWithSymbols|x64.ActiveCfg = Release|Win32
		{7193039C-4E9E-4BA8-B0CE-47AFD3C7C554}.RelWithDebInfo|Win32.ActiveCfg = Release|Win32
		{7193039C-4E9E-4BA8-B0CE-47AFD3C7C554}.RelWithDebInfo|Win32.Build.0 = Release|Win32
		{7193039C-4E9E-4BA8-B0CE-47AFD3C7C554}.RelWithDebInfo|x64.ActiveCfg = Release|Win32
		{7193039C-4E9E-4BA8-B0CE-47AFD3C7C554}.Unicode Debug|Win32.ActiveCfg = Debug|Win32
		{7193039C-4E9E-4BA8-B0CE-47AFD3C7C554}.Unicode Debug|Win32.Build.0 = Debug|Win32
		{7193039C-4E9E-4BA8-B0CE-47AFD3C7C554}.Unicode Debug|x64.ActiveCfg = Debug|Win32
		{7193039C-4E9E-4BA8-B0CE-47AFD3C7C554}.Unicode Release|Win32.ActiveCfg = Release|Win32
		{7193039C-4E9E-4BA8-B0CE-47AFD3C7C554}.Unicode Release|Win32.Build.0 = Release|Win32
		{7193039C-4E9E-4BA8-B0CE-47AFD3C7C554}.Unicode Release|x64.ActiveCfg = Release|Win32
		{F2B2D7A0-6DBB-4C53-9C3B-6B1A36EE807B}.Debug_Static|Win32.ActiveCfg = Debug|Win32
		{F2B2D7A0-6DBB-4C53-9C3B-6B1A36EE807B}.Debug_Static|Win32.Build.0 = Debug|Win32
		{F2B2D7A0-6DBB-4C53-9C3B-6B1A36EE807B}.Debug_Static|x64.ActiveCfg = Debug|Win32
		{F2B2D7A0-6DBB-4C53-9C3B-6B1A36EE807B}.Debug|Win32.ActiveCfg = Debug|Win32
		{F2B2D7A0-6DBB-4C53-9C3B-6B1A36EE807B}.Debug|Win32.Build.0 = Debug|Win32
		{F2B2D7A0-6DBB-4C53-9C3B-6B1A36EE807B}.Debug|x64.ActiveCfg = Debug|Win32
		{F2B2D7A0-6DBB-4C53-9C3B-6B1A36EE807B}.MinSizeRel|Win32.ActiveCfg = Release|Win32
		{F2B2D7A0-6DBB-4C53-9C3B-6B1A36EE807B}.MinSizeRel|Win32.Build.0 = Release|Win32
		{F2B2D7A0-6DBB-4C53-9C3B-6B1A36EE807B}.MinSizeRel|x64.ActiveCfg = Release|Win32
		{F2B2D7A0-6DBB-4C53-9C3B-6B1A36EE807B}.Release_Static|Win32.ActiveCfg = Release|Win32
		{F2B2D7A0-6DBB-4C53-9C3B-6B1A36EE807B}.Release_Static|Win32.Build.0 = Release|Win32
		{F2B2D7A0-6DBB-4C53-9C3B-6B1A36EE807B}.Release_Static|x64.ActiveCfg = Release|Win32
		{F2B2D7A0-6DBB-4C53-9C3B-6B1A36EE807B}.Release|Win32.ActiveCfg = Release|Win32
		{F2B2D7A0-6DBB-4C53-9C3B-6B1A36EE807B}.Release|Win32.Build.0 = Release|Win32
		{F2B2D7A0-6DBB-4C53-9C3B-6B1A36EE807B}.Release|x64.ActiveCfg = Release|Win32
		{F2B2D7A0-6DBB-4C53-9C3B-6B1A36EE807B}.ReleaseWithSymbols|Win32.ActiveCfg = Release|Win32
		{F2B2D7A0-6DBB-4C53-9C3B-6B1A36EE807B}.ReleaseWithSymbols|Win32.Build.0 = Release|Win32
		{F2B2D7A0-6DBB-4C53-9C3B-6B1A36EE807B}.ReleaseWithSymbols|x64.ActiveCfg = Release|Win32
		{F2B2D7A0-6DBB-4C53-9C3B-6B1A36EE807B}.RelWithDebInfo|Win32.ActiveCfg = Release|Win32
		{F2B2D7A0-6DBB-4C53-9C3B-6B1A36EE807B}.RelWithDebInfo|Win32.Build.0 = Release|Win32
		{F2B2D7A0-6DBB-4C53-9C3B-6B1A36EE807B}.RelWithDebInfo|x64.ActiveCfg = Release|Win32
		{F2B2D7A0-6DBB-4C53-9C3B-6B1A36EE807B}.Unicode Debug|Win32.ActiveCfg = Debug|Win32
		{F2B2D7A0-6DBB-4C53-9C3B-6B1A36EE807B}.Unicode Debug|Win32.Build.0 = Debug|Win32
		{F2B2D7A0-6DBB-4C53-9C3B-6B1A36EE807B}.Unicode Debug|x64.ActiveCfg = Debug|Win32
		{F2B2D7A0-6DBB-4C53-9C3B-6B1A36EE807B}.Unicode Release|Win32.ActiveCfg = Release|Win32
		{F2B2D7A0-6DBB-4C53-9C3B-6B1A36EE807B}.Unicode Release|Win32.Build.0 = Release|Win32
		{F2B2D7A0-6DBB-4C53-9C3B-6B1A36EE807B}.Unicode Release|x64.ActiveCfg = Release|Win32
		{58F33426-26FE-6444-B3CB-5BC70B8B8A47}.Debug_Static|Win32.ActiveCfg = Debug_Static|Win32
		{58F33426-26FE-6444-B3CB-5BC70B8B8A47}.Debug_Static|Win32.Build.0 = Debug_Static|Win32
		{58F33426-26FE-6444-B3CB-5BC70B8B8A47}.Debug_Static|x64.ActiveCfg = Debug_Static|Win32
		{58F33426-26FE-6444-B3CB-5BC70B8B8A47}.Debug|Win32.ActiveCfg = Debug|Win32
		{58F33426-26FE-6444-B3CB-5BC70B8B8A47}.Debug|Win32.Build.0 = Debug|Win32
		{58F33426-26FE-6444-B3CB-5BC70B8B8A47}.Debug|x64.ActiveCfg = Debug|Win32
		{58F33426-26FE-6444-B3CB-5BC70B8B8A47}.MinSizeRel|Win32.ActiveCfg = Release|Win32
		{58F33426-26FE-6444-B3CB-5BC70B8B8A47}.MinSizeRel|Win32.Build.0 = Release|Win32
		{58F33426-26FE-6444-B3CB-5BC70B8B8A47}.MinSizeRel|x64.ActiveCfg = Release|Win32
		{58F33426-26FE-6444-B3CB-5BC70B8B8A47}.Release_Static|Win32.ActiveCfg = Release_Static|Win32
		{58F33426-26FE-6444-B3CB-5BC70B8B8A47}.Release_Static|Win32.Build.0 = Release_Static|Win32
		{58F33426-26FE-6444-B3CB-5BC70B8B8A47}.Release_Static|x64.ActiveCfg = Release_Static|Win32
		{58F33426-26FE-6444-B3CB-5BC70B8B8A47}.Release|Win32.ActiveCfg = Release|Win32
		{58F33426-26FE-6444-B3CB-5BC70B8B8A47}.Release|Win32.Build.0 = Release|Win32
		{58F33426-26FE-6444-B3CB-5BC70B8B8A47}.Release|x64.ActiveCfg = Release|Win32
		{58F33426-26FE-6444-B3CB-5BC70B8B8A47}.ReleaseWithSymbols|Win32.ActiveCfg = ReleaseWithSymbols|Win32
		{58F33426-26FE-6444-B3CB-5BC70B8B8A47}.ReleaseWithSymbols|Win32.Build.0 = ReleaseWithSymbols|Win32
		{58F33426-26FE-6444-B3CB-5BC70B8B8A47}.ReleaseWithSymbols|x64.ActiveCfg = ReleaseWithSymbols|Win32
		{58F33426-26FE-6444-B3CB-5BC70B8B8A47}.RelWithDebInfo|Win32.ActiveCfg = Release|Win32
		{58F33426-26FE-6444-B3CB-5BC70B8B8A47}.RelWithDebInfo|Win32.Build.0 = Release|Win32
		{58F33426-26FE-6444-B3CB-5BC70B8B8A47}.RelWithDebInfo|x64.ActiveCfg = Release|Win32
		{58F33426-26FE-6444-B3CB-5BC70B8B8A47}.Unicode Debug|Win32.ActiveCfg = Debug|Win32
		{58F33426-26FE-6444-B3CB-5BC70B8B8A47}.Unicode Debug|Win32.Build.0 = Debug|Win32
		{58F33426-26FE-6444-B3CB-5BC70B8B8A47}.Unicode Debug|x64.ActiveCfg = Debug|Win32
		{58F33426-26FE-6444-B3CB-5BC70B8B8A47}.Unicode Release|Win32.ActiveCfg = Release|Win32
		{58F33426-26FE-6444-B3CB-5BC70B8B8A47}.Unicode Release|Win32.Build.0 = Release|Win32
		{58F33426-26FE-6444-B3CB-5BC70B8B8A47}.Unicode Release|x64.ActiveCfg = Release|Win32
	EndGlobalSection
	GlobalSection(SolutionProperties) = preSolution
		HideSolutionNode = FALSE
	EndGlobalSection
EndGlobal
