<?xml version="1.0" encoding="utf-8"?>
<Project ToolsVersion="4.0" xmlns="http://schemas.microsoft.com/developer/msbuild/2003">
  <ItemGroup>
    <Filter Include="源文件">
      <UniqueIdentifier>{4FC737F1-C7A5-4376-A066-2A32D752A2FF}</UniqueIdentifier>
      <Extensions>cpp;c;cc;cxx;def;odl;idl;hpj;bat;asm;asmx</Extensions>
    </Filter>
    <Filter Include="头文件">
      <UniqueIdentifier>{93995380-89BD-4b04-88EB-625FBE52EBFB}</UniqueIdentifier>
      <Extensions>h;hpp;hxx;hm;inl;inc;xsd</Extensions>
    </Filter>
    <Filter Include="资源文件">
      <UniqueIdentifier>{67DA6AB6-F800-4c08-8B7A-83BB121AAD01}</UniqueIdentifier>
      <Extensions>rc;ico;cur;bmp;dlg;rc2;rct;bin;rgs;gif;jpg;jpeg;jpe;resx;tiff;tif;png;wav;mfcribbon-ms</Extensions>
    </Filter>
    <Filter Include="DotScene">
      <UniqueIdentifier>{75942cc7-968b-4aa3-a1f5-04efb434546a}</UniqueIdentifier>
    </Filter>
    <Filter Include="UI">
      <UniqueIdentifier>{44c5d3c2-f93b-4e2c-ba58-64c4211623b9}</UniqueIdentifier>
    </Filter>
    <Filter Include="DotScene\rapidxml">
      <UniqueIdentifier>{1b030b2e-87fb-4d67-a6ed-319190048a40}</UniqueIdentifier>
    </Filter>
    <Filter Include="Manipulator">
      <UniqueIdentifier>{7985c4cc-42ce-4fec-8dc7-ce61963cd83e}</UniqueIdentifier>
    </Filter>
    <Filter Include="EditorAction">
      <UniqueIdentifier>{d11f9afa-1e67-4388-a448-db8bf6b8a699}</UniqueIdentifier>
    </Filter>
    <Filter Include="OgreRecast">
      <UniqueIdentifier>{6dfac22a-6800-40f7-baef-e4dcbd47d919}</UniqueIdentifier>
    </Filter>
    <Filter Include="OgreRecast\Include">
      <UniqueIdentifier>{d1ee8cd6-4fd6-46ec-bd1e-007bd8ce422c}</UniqueIdentifier>
    </Filter>
    <Filter Include="OgreRecast\Src">
      <UniqueIdentifier>{5c4b2840-f286-44bb-a7ff-890917e011ea}</UniqueIdentifier>
    </Filter>
    <Filter Include="OgreRecast\Include\Detour">
      <UniqueIdentifier>{5c05ba1c-6d79-4c96-8056-c5b297f0330e}</UniqueIdentifier>
    </Filter>
    <Filter Include="OgreRecast\Include\DetourCrowd">
      <UniqueIdentifier>{a781d2fb-c0cf-4d08-b18c-9a42daad2307}</UniqueIdentifier>
    </Filter>
    <Filter Include="OgreRecast\Include\DetourTileCache">
      <UniqueIdentifier>{5258ac57-886d-42a1-8cd7-7deb19d49cb3}</UniqueIdentifier>
    </Filter>
    <Filter Include="OgreRecast\Include\Recast">
      <UniqueIdentifier>{4e406bd8-1586-448e-b5b2-0b4d6da51269}</UniqueIdentifier>
    </Filter>
    <Filter Include="OgreRecast\Include\RecastContrib">
      <UniqueIdentifier>{f0a87928-71b2-4ced-81d7-ebec51b7aa54}</UniqueIdentifier>
    </Filter>
    <Filter Include="OgreRecast\Src\Detour">
      <UniqueIdentifier>{8fb03c6b-6e7c-4349-a8fc-aa65f93e60c3}</UniqueIdentifier>
    </Filter>
    <Filter Include="OgreRecast\Src\DetourCrowd">
      <UniqueIdentifier>{9e283f52-bbb1-46e9-8f27-2ca82f790a71}</UniqueIdentifier>
    </Filter>
    <Filter Include="OgreRecast\Src\DetourTileCache">
      <UniqueIdentifier>{226946c6-12a6-4ab3-932b-7cbbe59721a5}</UniqueIdentifier>
    </Filter>
    <Filter Include="OgreRecast\Src\Recast">
      <UniqueIdentifier>{bd2e2d9c-e4a7-4e84-9c93-0381e57c5031}</UniqueIdentifier>
    </Filter>
    <Filter Include="OgreRecast\Src\RecastContrib">
      <UniqueIdentifier>{e4fee1b6-a1ae-4a56-8c84-794c195a7f0d}</UniqueIdentifier>
    </Filter>
  </ItemGroup>
  <ItemGroup>
    <None Include="ReadMe.txt" />
    <None Include="res\SceneEdit.rc2">
      <Filter>资源文件</Filter>
    </None>
    <None Include="res\SceneEdit.ico">
      <Filter>资源文件</Filter>
    </None>
    <None Include="res\shiny-gear.png">
      <Filter>资源文件</Filter>
    </None>
    <None Include="res\SystemMenuLarge.png">
      <Filter>资源文件</Filter>
    </None>
    <None Include="res\Button.png">
      <Filter>资源文件</Filter>
    </None>
    <None Include="res\PaneProperties.bmp">
      <Filter>资源文件</Filter>
    </None>
  </ItemGroup>
  <ItemGroup>
    <ClInclude Include="SceneEdit.h">
      <Filter>头文件</Filter>
    </ClInclude>
    <ClInclude Include="stdafx.h">
      <Filter>头文件</Filter>
    </ClInclude>
    <ClInclude Include="targetver.h">
      <Filter>头文件</Filter>
    </ClInclude>
    <ClInclude Include="MainFrm.h">
      <Filter>头文件</Filter>
    </ClInclude>
    <ClInclude Include="View.h">
      <Filter>头文件</Filter>
    </ClInclude>
    <ClInclude Include="Resource.h">
      <Filter>头文件</Filter>
    </ClInclude>
    <ClInclude Include="Application.h">
      <Filter>头文件</Filter>
    </ClInclude>
    <ClInclude Include="DotSceneLoader.h">
      <Filter>DotScene</Filter>
    </ClInclude>
    <ClInclude Include="DotSceneSerializer.h">
      <Filter>DotScene</Filter>
    </ClInclude>
    <ClInclude Include="UI\DialogSceneNew.h">
      <Filter>UI</Filter>
    </ClInclude>
    <ClInclude Include="Utility.h">
      <Filter>头文件</Filter>
    </ClInclude>
    <ClInclude Include="rapidxml\rapidxml.hpp">
      <Filter>DotScene\rapidxml</Filter>
    </ClInclude>
    <ClInclude Include="rapidxml\rapidxml_iterators.hpp">
      <Filter>DotScene\rapidxml</Filter>
    </ClInclude>
    <ClInclude Include="rapidxml\rapidxml_print.hpp">
      <Filter>DotScene\rapidxml</Filter>
    </ClInclude>
    <ClInclude Include="rapidxml\rapidxml_utils.hpp">
      <Filter>DotScene\rapidxml</Filter>
    </ClInclude>
    <ClInclude Include="Singleton.h">
      <Filter>头文件</Filter>
    </ClInclude>
    <ClInclude Include="EditorDefine.h">
      <Filter>头文件</Filter>
    </ClInclude>
    <ClInclude Include="Brush.h">
      <Filter>头文件</Filter>
    </ClInclude>
    <ClInclude Include="Gizmo.h">
      <Filter>头文件</Filter>
    </ClInclude>
    <ClInclude Include="UI\PropertiesPane.h">
      <Filter>UI</Filter>
    </ClInclude>
    <ClInclude Include="UI\TerrainPropertyPane.h">
      <Filter>UI</Filter>
    </ClInclude>
    <ClInclude Include="Manipulator\ManipulatorObject.h">
      <Filter>Manipulator</Filter>
    </ClInclude>
    <ClInclude Include="Manipulator\ManipulatorScene.h">
      <Filter>Manipulator</Filter>
    </ClInclude>
    <ClInclude Include="Manipulator\ManipulatorTerrain.h">
      <Filter>Manipulator</Filter>
    </ClInclude>
    <ClInclude Include="Manipulator\ManipulatorEventCallback.h">
      <Filter>Manipulator</Filter>
    </ClInclude>
    <ClInclude Include="Manipulator\ManipulatorAction.h">
      <Filter>Manipulator</Filter>
    </ClInclude>
    <ClInclude Include="Action\ActionBase.h">
      <Filter>EditorAction</Filter>
    </ClInclude>
    <ClInclude Include="Action\ActionNone.h">
      <Filter>EditorAction</Filter>
    </ClInclude>
    <ClInclude Include="Action\ActionTerrainDeform.h">
      <Filter>EditorAction</Filter>
    </ClInclude>
    <ClInclude Include="Action\ActionTerrainSplat.h">
      <Filter>EditorAction</Filter>
    </ClInclude>
    <ClInclude Include="Manipulator\ManipulatorNavMesh.h">
      <Filter>Manipulator</Filter>
    </ClInclude>
    <ClInclude Include="..\..\MiniCraft\Dependency\OgreRecast\Include\OgreDetourCrowd.h">
      <Filter>OgreRecast\Include</Filter>
    </ClInclude>
    <ClInclude Include="..\..\MiniCraft\Dependency\OgreRecast\Include\OgreDetourTileCache.h">
      <Filter>OgreRecast\Include</Filter>
    </ClInclude>
    <ClInclude Include="..\..\MiniCraft\Dependency\OgreRecast\Include\OgreRecast.h">
      <Filter>OgreRecast\Include</Filter>
    </ClInclude>
    <ClInclude Include="..\..\MiniCraft\Dependency\OgreRecast\Include\OgreRecastDefinitions.h">
      <Filter>OgreRecast\Include</Filter>
    </ClInclude>
    <ClInclude Include="..\..\MiniCraft\Dependency\OgreRecast\Include\OgreRecastNavmeshPruner.h">
      <Filter>OgreRecast\Include</Filter>
    </ClInclude>
    <ClInclude Include="..\..\MiniCraft\Dependency\OgreRecast\Include\RecastConvexHull.h">
      <Filter>OgreRecast\Include</Filter>
    </ClInclude>
    <ClInclude Include="..\..\MiniCraft\Dependency\OgreRecast\Include\RecastInputGeom.h">
      <Filter>OgreRecast\Include</Filter>
    </ClInclude>
    <ClInclude Include="..\..\MiniCraft\Dependency\OgreRecast\Include\Detour\DetourAlloc.h">
      <Filter>OgreRecast\Include\Detour</Filter>
    </ClInclude>
    <ClInclude Include="..\..\MiniCraft\Dependency\OgreRecast\Include\Detour\DetourAssert.h">
      <Filter>OgreRecast\Include\Detour</Filter>
    </ClInclude>
    <ClInclude Include="..\..\MiniCraft\Dependency\OgreRecast\Include\Detour\DetourCommon.h">
      <Filter>OgreRecast\Include\Detour</Filter>
    </ClInclude>
    <ClInclude Include="..\..\MiniCraft\Dependency\OgreRecast\Include\Detour\DetourNavMesh.h">
      <Filter>OgreRecast\Include\Detour</Filter>
    </ClInclude>
    <ClInclude Include="..\..\MiniCraft\Dependency\OgreRecast\Include\Detour\DetourNavMeshBuilder.h">
      <Filter>OgreRecast\Include\Detour</Filter>
    </ClInclude>
    <ClInclude Include="..\..\MiniCraft\Dependency\OgreRecast\Include\Detour\DetourNavMeshQuery.h">
      <Filter>OgreRecast\Include\Detour</Filter>
    </ClInclude>
    <ClInclude Include="..\..\MiniCraft\Dependency\OgreRecast\Include\Detour\DetourNode.h">
      <Filter>OgreRecast\Include\Detour</Filter>
    </ClInclude>
    <ClInclude Include="..\..\MiniCraft\Dependency\OgreRecast\Include\Detour\DetourStatus.h">
      <Filter>OgreRecast\Include\Detour</Filter>
    </ClInclude>
    <ClInclude Include="..\..\MiniCraft\Dependency\OgreRecast\Include\DetourCrowd\DetourCrowd.h">
      <Filter>OgreRecast\Include\DetourCrowd</Filter>
    </ClInclude>
    <ClInclude Include="..\..\MiniCraft\Dependency\OgreRecast\Include\DetourCrowd\DetourLocalBoundary.h">
      <Filter>OgreRecast\Include\DetourCrowd</Filter>
    </ClInclude>
    <ClInclude Include="..\..\MiniCraft\Dependency\OgreRecast\Include\DetourCrowd\DetourObstacleAvoidance.h">
      <Filter>OgreRecast\Include\DetourCrowd</Filter>
    </ClInclude>
    <ClInclude Include="..\..\MiniCraft\Dependency\OgreRecast\Include\DetourCrowd\DetourPathCorridor.h">
      <Filter>OgreRecast\Include\DetourCrowd</Filter>
    </ClInclude>
    <ClInclude Include="..\..\MiniCraft\Dependency\OgreRecast\Include\DetourCrowd\DetourPathQueue.h">
      <Filter>OgreRecast\Include\DetourCrowd</Filter>
    </ClInclude>
    <ClInclude Include="..\..\MiniCraft\Dependency\OgreRecast\Include\DetourCrowd\DetourProximityGrid.h">
      <Filter>OgreRecast\Include\DetourCrowd</Filter>
    </ClInclude>
    <ClInclude Include="..\..\MiniCraft\Dependency\OgreRecast\Include\DetourTileCache\DetourTileCache.h">
      <Filter>OgreRecast\Include\DetourTileCache</Filter>
    </ClInclude>
    <ClInclude Include="..\..\MiniCraft\Dependency\OgreRecast\Include\DetourTileCache\DetourTileCacheBuilder.h">
      <Filter>OgreRecast\Include\DetourTileCache</Filter>
    </ClInclude>
    <ClInclude Include="..\..\MiniCraft\Dependency\OgreRecast\Include\RecastContrib\fastlz\fastlz.h">
      <Filter>OgreRecast\Include\RecastContrib</Filter>
    </ClInclude>
    <ClInclude Include="..\..\MiniCraft\Dependency\OgreRecast\Include\Recast\Recast.h">
      <Filter>OgreRecast\Include\Recast</Filter>
    </ClInclude>
    <ClInclude Include="..\..\MiniCraft\Dependency\OgreRecast\Include\Recast\RecastAlloc.h">
      <Filter>OgreRecast\Include\Recast</Filter>
    </ClInclude>
    <ClInclude Include="..\..\MiniCraft\Dependency\OgreRecast\Include\Recast\RecastAssert.h">
      <Filter>OgreRecast\Include\Recast</Filter>
    </ClInclude>
    <ClInclude Include="Action\ActionObjectEdit.h">
      <Filter>EditorAction</Filter>
    </ClInclude>
    <ClInclude Include="Action\ActionObjectSelect.h">
      <Filter>EditorAction</Filter>
    </ClInclude>
    <ClInclude Include="UI\ObjectPropertyPane.h">
      <Filter>UI</Filter>
    </ClInclude>
    <ClInclude Include="UI\XTPCustomPropertyGridItem.h">
      <Filter>UI</Filter>
    </ClInclude>
  </ItemGroup>
  <ItemGroup>
    <ClCompile Include="SceneEdit.cpp">
      <Filter>源文件</Filter>
    </ClCompile>
    <ClCompile Include="stdafx.cpp">
      <Filter>源文件</Filter>
    </ClCompile>
    <ClCompile Include="MainFrm.cpp">
      <Filter>源文件</Filter>
    </ClCompile>
    <ClCompile Include="View.cpp">
      <Filter>源文件</Filter>
    </ClCompile>
    <ClCompile Include="Application.cpp">
      <Filter>源文件</Filter>
    </ClCompile>
    <ClCompile Include="DotSceneLoader.cpp">
      <Filter>DotScene</Filter>
    </ClCompile>
    <ClCompile Include="DotSceneSerializer.cpp">
      <Filter>DotScene</Filter>
    </ClCompile>
    <ClCompile Include="UI\DialogSceneNew.cpp">
      <Filter>UI</Filter>
    </ClCompile>
    <ClCompile Include="Utility.cpp">
      <Filter>源文件</Filter>
    </ClCompile>
    <ClCompile Include="Brush.cpp">
      <Filter>源文件</Filter>
    </ClCompile>
    <ClCompile Include="Gizmo.cpp">
      <Filter>源文件</Filter>
    </ClCompile>
    <ClCompile Include="UI\PropertiesPane.cpp">
      <Filter>UI</Filter>
    </ClCompile>
    <ClCompile Include="UI\TerrainPropertyPane.cpp">
      <Filter>UI</Filter>
    </ClCompile>
    <ClCompile Include="Manipulator\ManipulatorObject.cpp">
      <Filter>Manipulator</Filter>
    </ClCompile>
    <ClCompile Include="Manipulator\ManipulatorScene.cpp">
      <Filter>Manipulator</Filter>
    </ClCompile>
    <ClCompile Include="Manipulator\ManipulatorTerrain.cpp">
      <Filter>Manipulator</Filter>
    </ClCompile>
    <ClCompile Include="Manipulator\ManipulatorAction.cpp">
      <Filter>Manipulator</Filter>
    </ClCompile>
    <ClCompile Include="Action\ActionTerrainDeform.cpp">
      <Filter>EditorAction</Filter>
    </ClCompile>
    <ClCompile Include="Action\ActionTerrainSplat.cpp">
      <Filter>EditorAction</Filter>
    </ClCompile>
    <ClCompile Include="Manipulator\ManipulatorNavMesh.cpp">
      <Filter>Manipulator</Filter>
    </ClCompile>
    <ClCompile Include="..\..\MiniCraft\Dependency\OgreRecast\Src\OgreDetourCrowd.cpp">
      <Filter>OgreRecast\Src</Filter>
    </ClCompile>
    <ClCompile Include="..\..\MiniCraft\Dependency\OgreRecast\Src\OgreDetourTileCache.cpp">
      <Filter>OgreRecast\Src</Filter>
    </ClCompile>
    <ClCompile Include="..\..\MiniCraft\Dependency\OgreRecast\Src\OgreRecast.cpp">
      <Filter>OgreRecast\Src</Filter>
    </ClCompile>
    <ClCompile Include="..\..\MiniCraft\Dependency\OgreRecast\Src\OgreRecastNavmeshPruner.cpp">
      <Filter>OgreRecast\Src</Filter>
    </ClCompile>
    <ClCompile Include="..\..\MiniCraft\Dependency\OgreRecast\Src\RecastConvexHull.cpp">
      <Filter>OgreRecast\Src</Filter>
    </ClCompile>
    <ClCompile Include="..\..\MiniCraft\Dependency\OgreRecast\Src\RecastInputGeom.cpp">
      <Filter>OgreRecast\Src</Filter>
    </ClCompile>
    <ClCompile Include="..\..\MiniCraft\Dependency\OgreRecast\Src\Detour\DetourAlloc.cpp">
      <Filter>OgreRecast\Src\Detour</Filter>
    </ClCompile>
    <ClCompile Include="..\..\MiniCraft\Dependency\OgreRecast\Src\Detour\DetourCommon.cpp">
      <Filter>OgreRecast\Src\Detour</Filter>
    </ClCompile>
    <ClCompile Include="..\..\MiniCraft\Dependency\OgreRecast\Src\Detour\DetourNavMesh.cpp">
      <Filter>OgreRecast\Src\Detour</Filter>
    </ClCompile>
    <ClCompile Include="..\..\MiniCraft\Dependency\OgreRecast\Src\Detour\DetourNavMeshBuilder.cpp">
      <Filter>OgreRecast\Src\Detour</Filter>
    </ClCompile>
    <ClCompile Include="..\..\MiniCraft\Dependency\OgreRecast\Src\Detour\DetourNavMeshQuery.cpp">
      <Filter>OgreRecast\Src\Detour</Filter>
    </ClCompile>
    <ClCompile Include="..\..\MiniCraft\Dependency\OgreRecast\Src\Detour\DetourNode.cpp">
      <Filter>OgreRecast\Src\Detour</Filter>
    </ClCompile>
    <ClCompile Include="..\..\MiniCraft\Dependency\OgreRecast\Src\DetourCrowd\DetourCrowd.cpp">
      <Filter>OgreRecast\Src\DetourCrowd</Filter>
    </ClCompile>
    <ClCompile Include="..\..\MiniCraft\Dependency\OgreRecast\Src\DetourCrowd\DetourLocalBoundary.cpp">
      <Filter>OgreRecast\Src\DetourCrowd</Filter>
    </ClCompile>
    <ClCompile Include="..\..\MiniCraft\Dependency\OgreRecast\Src\DetourCrowd\DetourObstacleAvoidance.cpp">
      <Filter>OgreRecast\Src\DetourCrowd</Filter>
    </ClCompile>
    <ClCompile Include="..\..\MiniCraft\Dependency\OgreRecast\Src\DetourCrowd\DetourPathCorridor.cpp">
      <Filter>OgreRecast\Src\DetourCrowd</Filter>
    </ClCompile>
    <ClCompile Include="..\..\MiniCraft\Dependency\OgreRecast\Src\DetourCrowd\DetourPathQueue.cpp">
      <Filter>OgreRecast\Src\DetourCrowd</Filter>
    </ClCompile>
    <ClCompile Include="..\..\MiniCraft\Dependency\OgreRecast\Src\DetourCrowd\DetourProximityGrid.cpp">
      <Filter>OgreRecast\Src\DetourCrowd</Filter>
    </ClCompile>
    <ClCompile Include="..\..\MiniCraft\Dependency\OgreRecast\Src\DetourTileCache\DetourTileCache.cpp">
      <Filter>OgreRecast\Src\DetourTileCache</Filter>
    </ClCompile>
    <ClCompile Include="..\..\MiniCraft\Dependency\OgreRecast\Src\DetourTileCache\DetourTileCacheBuilder.cpp">
      <Filter>OgreRecast\Src\DetourTileCache</Filter>
    </ClCompile>
    <ClCompile Include="..\..\MiniCraft\Dependency\OgreRecast\Src\RecastContrib\fastlz\fastlz.c">
      <Filter>OgreRecast\Src\RecastContrib</Filter>
    </ClCompile>
    <ClCompile Include="..\..\MiniCraft\Dependency\OgreRecast\Src\Recast\Recast.cpp">
      <Filter>OgreRecast\Src\Recast</Filter>
    </ClCompile>
    <ClCompile Include="..\..\MiniCraft\Dependency\OgreRecast\Src\Recast\RecastAlloc.cpp">
      <Filter>OgreRecast\Src\Recast</Filter>
    </ClCompile>
    <ClCompile Include="..\..\MiniCraft\Dependency\OgreRecast\Src\Recast\RecastArea.cpp">
      <Filter>OgreRecast\Src\Recast</Filter>
    </ClCompile>
    <ClCompile Include="..\..\MiniCraft\Dependency\OgreRecast\Src\Recast\RecastContour.cpp">
      <Filter>OgreRecast\Src\Recast</Filter>
    </ClCompile>
    <ClCompile Include="..\..\MiniCraft\Dependency\OgreRecast\Src\Recast\RecastFilter.cpp">
      <Filter>OgreRecast\Src\Recast</Filter>
    </ClCompile>
    <ClCompile Include="..\..\MiniCraft\Dependency\OgreRecast\Src\Recast\RecastLayers.cpp">
      <Filter>OgreRecast\Src\Recast</Filter>
    </ClCompile>
    <ClCompile Include="..\..\MiniCraft\Dependency\OgreRecast\Src\Recast\RecastMesh.cpp">
      <Filter>OgreRecast\Src\Recast</Filter>
    </ClCompile>
    <ClCompile Include="..\..\MiniCraft\Dependency\OgreRecast\Src\Recast\RecastMeshDetail.cpp">
      <Filter>OgreRecast\Src\Recast</Filter>
    </ClCompile>
    <ClCompile Include="..\..\MiniCraft\Dependency\OgreRecast\Src\Recast\RecastRegion.cpp">
      <Filter>OgreRecast\Src\Recast</Filter>
    </ClCompile>
    <ClCompile Include="..\..\MiniCraft\Dependency\OgreRecast\Src\Recast\RecastRasterization.cpp">
      <Filter>OgreRecast\Src\Recast</Filter>
    </ClCompile>
    <ClCompile Include="Action\ActionObjectEdit.cpp">
      <Filter>EditorAction</Filter>
    </ClCompile>
    <ClCompile Include="Action\ActionNone.cpp">
      <Filter>EditorAction</Filter>
    </ClCompile>
    <ClCompile Include="Action\ActionObjectSelect.cpp">
      <Filter>EditorAction</Filter>
    </ClCompile>
    <ClCompile Include="UI\ObjectPropertyPane.cpp">
      <Filter>UI</Filter>
    </ClCompile>
    <ClCompile Include="UI\XTPCustomPropertyGridItem.cpp">
      <Filter>UI</Filter>
    </ClCompile>
  </ItemGroup>
  <ItemGroup>
    <ResourceCompile Include="SceneEdit.rc">
      <Filter>资源文件</Filter>
    </ResourceCompile>
  </ItemGroup>
</Project>