
Microsoft Visual Studio Solution File, Format Version 11.00
# Visual Studio 2010
Project("{8BC9CEB8-8B4A-11D0-8D11-00A0C91BC942}") = "SceneEdit", "SceneEdit\SceneEdit.vcxproj", "{F2B2D7A0-6DBB-4C53-9C3B-6B1A36EE807B}"
EndProject
Project("{8BC9CEB8-8B4A-11D0-8D11-00A0C91BC942}") = "Codejock.ToolkitPro.Shared", "Dependency\XTP\Workspace\ToolkitPro\ToolkitProShared_vc100.vcxproj", "{920FE0D5-3CA1-0A85-8950-DE740E579326}"
EndProject
Global
	GlobalSection(SolutionConfigurationPlatforms) = preSolution
		Debug|Win32 = Debug|Win32
		Debug|x64 = Debug|x64
		MinSizeRel|Win32 = MinSizeRel|Win32
		MinSizeRel|x64 = MinSizeRel|x64
		Release|Win32 = Release|Win32
		Release|x64 = Release|x64
		RelWithDebInfo|Win32 = RelWithDebInfo|Win32
		RelWithDebInfo|x64 = RelWithDebInfo|x64
		Unicode Debug|Win32 = Unicode Debug|Win32
		Unicode Debug|x64 = Unicode Debug|x64
		Unicode Release|Win32 = Unicode Release|Win32
		Unicode Release|x64 = Unicode Release|x64
	EndGlobalSection
	GlobalSection(ProjectConfigurationPlatforms) = postSolution
		{F2B2D7A0-6DBB-4C53-9C3B-6B1A36EE807B}.Debug|Win32.ActiveCfg = Debug|Win32
		{F2B2D7A0-6DBB-4C53-9C3B-6B1A36EE807B}.Debug|Win32.Build.0 = Debug|Win32
		{F2B2D7A0-6DBB-4C53-9C3B-6B1A36EE807B}.Debug|x64.ActiveCfg = Debug|Win32
		{F2B2D7A0-6DBB-4C53-9C3B-6B1A36EE807B}.MinSizeRel|Win32.ActiveCfg = Release|Win32
		{F2B2D7A0-6DBB-4C53-9C3B-6B1A36EE807B}.MinSizeRel|Win32.Build.0 = Release|Win32
		{F2B2D7A0-6DBB-4C53-9C3B-6B1A36EE807B}.MinSizeRel|x64.ActiveCfg = Release|Win32
		{F2B2D7A0-6DBB-4C53-9C3B-6B1A36EE807B}.Release|Win32.ActiveCfg = Release|Win32
		{F2B2D7A0-6DBB-4C53-9C3B-6B1A36EE807B}.Release|Win32.Build.0 = Release|Win32
		{F2B2D7A0-6DBB-4C53-9C3B-6B1A36EE807B}.Release|x64.ActiveCfg = Release|Win32
		{F2B2D7A0-6DBB-4C53-9C3B-6B1A36EE807B}.RelWithDebInfo|Win32.ActiveCfg = Release|Win32
		{F2B2D7A0-6DBB-4C53-9C3B-6B1A36EE807B}.RelWithDebInfo|Win32.Build.0 = Release|Win32
		{F2B2D7A0-6DBB-4C53-9C3B-6B1A36EE807B}.RelWithDebInfo|x64.ActiveCfg = Release|Win32
		{F2B2D7A0-6DBB-4C53-9C3B-6B1A36EE807B}.Unicode Debug|Win32.ActiveCfg = Debug|Win32
		{F2B2D7A0-6DBB-4C53-9C3B-6B1A36EE807B}.Unicode Debug|Win32.Build.0 = Debug|Win32
		{F2B2D7A0-6DBB-4C53-9C3B-6B1A36EE807B}.Unicode Debug|x64.ActiveCfg = Debug|Win32
		{F2B2D7A0-6DBB-4C53-9C3B-6B1A36EE807B}.Unicode Release|Win32.ActiveCfg = Release|Win32
		{F2B2D7A0-6DBB-4C53-9C3B-6B1A36EE807B}.Unicode Release|Win32.Build.0 = Release|Win32
		{F2B2D7A0-6DBB-4C53-9C3B-6B1A36EE807B}.Unicode Release|x64.ActiveCfg = Release|Win32
		{920FE0D5-3CA1-0A85-8950-DE740E579326}.Debug|Win32.ActiveCfg = Unicode Debug|Win32
		{920FE0D5-3CA1-0A85-8950-DE740E579326}.Debug|Win32.Build.0 = Unicode Debug|Win32
		{920FE0D5-3CA1-0A85-8950-DE740E579326}.Debug|x64.ActiveCfg = Debug|x64
		{920FE0D5-3CA1-0A85-8950-DE740E579326}.Debug|x64.Build.0 = Debug|x64
		{920FE0D5-3CA1-0A85-8950-DE740E579326}.MinSizeRel|Win32.ActiveCfg = Unicode Release|x64
		{920FE0D5-3CA1-0A85-8950-DE740E579326}.MinSizeRel|x64.ActiveCfg = Unicode Release|x64
		{920FE0D5-3CA1-0A85-8950-DE740E579326}.MinSizeRel|x64.Build.0 = Unicode Release|x64
		{920FE0D5-3CA1-0A85-8950-DE740E579326}.Release|Win32.ActiveCfg = Release|Win32
		{920FE0D5-3CA1-0A85-8950-DE740E579326}.Release|Win32.Build.0 = Release|Win32
		{920FE0D5-3CA1-0A85-8950-DE740E579326}.Release|x64.ActiveCfg = Release|x64
		{920FE0D5-3CA1-0A85-8950-DE740E579326}.Release|x64.Build.0 = Release|x64
		{920FE0D5-3CA1-0A85-8950-DE740E579326}.RelWithDebInfo|Win32.ActiveCfg = Release|x64
		{920FE0D5-3CA1-0A85-8950-DE740E579326}.RelWithDebInfo|x64.ActiveCfg = Release|x64
		{920FE0D5-3CA1-0A85-8950-DE740E579326}.RelWithDebInfo|x64.Build.0 = Release|x64
		{920FE0D5-3CA1-0A85-8950-DE740E579326}.Unicode Debug|Win32.ActiveCfg = Unicode Debug|Win32
		{920FE0D5-3CA1-0A85-8950-DE740E579326}.Unicode Debug|Win32.Build.0 = Unicode Debug|Win32
		{920FE0D5-3CA1-0A85-8950-DE740E579326}.Unicode Debug|x64.ActiveCfg = Unicode Debug|x64
		{920FE0D5-3CA1-0A85-8950-DE740E579326}.Unicode Debug|x64.Build.0 = Unicode Debug|x64
		{920FE0D5-3CA1-0A85-8950-DE740E579326}.Unicode Release|Win32.ActiveCfg = Unicode Release|Win32
		{920FE0D5-3CA1-0A85-8950-DE740E579326}.Unicode Release|Win32.Build.0 = Unicode Release|Win32
		{920FE0D5-3CA1-0A85-8950-DE740E579326}.Unicode Release|x64.ActiveCfg = Unicode Release|x64
		{920FE0D5-3CA1-0A85-8950-DE740E579326}.Unicode Release|x64.Build.0 = Unicode Release|x64
	EndGlobalSection
	GlobalSection(SolutionProperties) = preSolution
		HideSolutionNode = FALSE
	EndGlobalSection
EndGlobal
